// !$*UTF8*$!
{
	archiveVersion = 1;
	classes = {
	};
	objectVersion = 39;
	objects = {
		080E96DDFE201D6D7F000001 = {
			children = (
				687B4E430794167000074042,
				687B4E400794165600074042,
				D41DED57073B3FF700B900F2,
				D41DED58073B3FF700B900F2,
				1CDD06110763FD2000B8FCA6,
				F8CE7270071539E600CE40EC,
				F8CE726F071539E600CE40EC,
				16D3041606B54EE3009CB94A,
				16D3041706B54EE3009CB94A,
				68DEAEE6083271CA00C5D76C,
				68DEAEE7083271CA00C5D76C,
			);
			isa = PBXGroup;
			name = Classes;
			refType = 4;
			sourceTree = "<group>";
		};
		089C165CFE840E0CC02AAC07 = {
			children = (
				089C165DFE840E0CC02AAC07,
			);
			isa = PBXVariantGroup;
			name = InfoPlist.strings;
			refType = 4;
			sourceTree = "<group>";
		};
		089C165DFE840E0CC02AAC07 = {
			fileEncoding = 4;
			isa = PBXFileReference;
			lastKnownFileType = text.plist.strings;
			name = English;
			path = English.lproj/InfoPlist.strings;
			refType = 4;
			sourceTree = "<group>";
		};
//080
//081
//082
//083
//084
//100
//101
//102
//103
//104
		1058C7A0FEA54F0111CA2CBB = {
			children = (
				6828383807804DFC004617B7,
				162D387B06F71A3000C0936C,
				167BE02006D5143A005381BB,
				1674D23406BA2E37008AC794,
				1058C7A1FEA54F0111CA2CBB,
			);
			isa = PBXGroup;
			name = "Linked Frameworks";
			refType = 4;
			sourceTree = "<group>";
		};
		1058C7A1FEA54F0111CA2CBB = {
			isa = PBXFileReference;
			lastKnownFileType = wrapper.framework;
			name = Cocoa.framework;
			path = /System/Library/Frameworks/Cocoa.framework;
			refType = 0;
			sourceTree = "<absolute>";
		};
		1058C7A2FEA54F0111CA2CBB = {
			children = (
				29B97325FDCFA39411CA2CEA,
				29B97324FDCFA39411CA2CEA,
			);
			isa = PBXGroup;
			name = "Other Frameworks";
			refType = 4;
			sourceTree = "<group>";
		};
//100
//101
//102
//103
//104
//160
//161
//162
//163
//164
		1601EFBC06CBBD2000BF60D4 = {
			fileEncoding = 30;
			isa = PBXFileReference;
			lastKnownFileType = text;
			path = ReadMe.txt;
			refType = 4;
			sourceTree = "<group>";
		};
		1601EFBD06CBBD2000BF60D4 = {
			fileRef = 1601EFBC06CBBD2000BF60D4;
			isa = PBXBuildFile;
			settings = {
			};
		};
		1601EFCF06CBBEC700BF60D4 = {
			fileEncoding = 30;
			isa = PBXFileReference;
			lastKnownFileType = text;
			path = NEWS;
			refType = 4;
			sourceTree = "<group>";
		};
		1601EFD006CBBEC700BF60D4 = {
			fileRef = 1601EFCF06CBBEC700BF60D4;
			isa = PBXBuildFile;
			settings = {
			};
		};
		1601F00C06CBBF9F00BF60D4 = {
			fileEncoding = 30;
			isa = PBXFileReference;
			lastKnownFileType = text;
			path = "TODO-LIST";
			refType = 4;
			sourceTree = "<group>";
		};
		1601F00D06CBBF9F00BF60D4 = {
			fileRef = 1601F00C06CBBF9F00BF60D4;
			isa = PBXBuildFile;
			settings = {
			};
		};
		1601F04606CBC0EF00BF60D4 = {
			fileEncoding = 30;
			isa = PBXFileReference;
			lastKnownFileType = text;
			path = INSTALL;
			refType = 4;
			sourceTree = "<group>";
		};
		1601F04706CBC0EF00BF60D4 = {
			fileRef = 1601F04606CBC0EF00BF60D4;
			isa = PBXBuildFile;
			settings = {
			};
		};
		1602BB2D0719702800805588 = {
			children = (
				1602BB2F0719702800805588,
			);
			isa = PBXGroup;
			path = docs;
			refType = 4;
			sourceTree = "<group>";
		};
		1602BB2E0719702800805588 = {
			explicitFileType = text.html.documentation;
			fileEncoding = 30;
			isa = PBXFileReference;
			name = "RMacOSX-FAQ.html";
			path = "docs/RMacOSX-FAQ.html";
			refType = 4;
			sourceTree = "<group>";
		};
		1602BB2F0719702800805588 = {
			fileEncoding = 30;
			isa = PBXFileReference;
			lastKnownFileType = text;
			path = "RMacOSX-FAQ.texi";
			refType = 4;
			sourceTree = "<group>";
		};
		1602BB300719702800805588 = {
			fileRef = 1602BB2E0719702800805588;
			isa = PBXBuildFile;
			settings = {
			};
		};
		1602BB310719702800805588 = {
			fileRef = 1602BB2F0719702800805588;
			isa = PBXBuildFile;
			settings = {
			};
		};
		161034F007D2232400677899 = {
			isa = PBXFileReference;
			lastKnownFileType = text.plist.strings;
			name = ja;
			path = ja.lproj/Localizable.strings;
			refType = 4;
			sourceTree = "<group>";
		};
		161034F107D2232400677899 = {
			isa = PBXFileReference;
			lastKnownFileType = wrapper.nib;
			name = ja;
			path = ja.lproj/MainMenu.nib;
			refType = 4;
			sourceTree = "<group>";
		};
		161034F207D2232400677899 = {
			isa = PBXFileReference;
			lastKnownFileType = wrapper.nib;
			name = ja;
			path = ja.lproj/SyntaxColorsPrefPane.nib;
			refType = 4;
			sourceTree = "<group>";
		};
		161034F307D2232400677899 = {
			isa = PBXFileReference;
			lastKnownFileType = wrapper.nib;
			name = ja;
			path = ja.lproj/ColorsPrefPane.nib;
			refType = 4;
			sourceTree = "<group>";
		};
		161034F407D2232400677899 = {
			isa = PBXFileReference;
			lastKnownFileType = wrapper.nib;
			name = ja;
			path = ja.lproj/EditorPrefPane.nib;
			refType = 4;
			sourceTree = "<group>";
		};
		161034F507D2232400677899 = {
			isa = PBXFileReference;
			lastKnownFileType = wrapper.nib;
			name = ja;
			path = ja.lproj/MiscPrefPane.nib;
			refType = 4;
			sourceTree = "<group>";
		};
		161034F607D2232400677899 = {
			isa = PBXFileReference;
			lastKnownFileType = wrapper.nib;
			name = ja;
			path = ja.lproj/QuartzPrefPane.nib;
			refType = 4;
			sourceTree = "<group>";
		};
		161034F707D2232400677899 = {
			isa = PBXFileReference;
			lastKnownFileType = text.rtf;
			name = ja;
			path = ja.lproj/Credits.rtf;
			refType = 4;
			sourceTree = "<group>";
		};
		1611E2E9070B83770025F66D = {
			fileEncoding = 30;
			isa = PBXFileReference;
			lastKnownFileType = text.xml;
			name = English;
			path = English.lproj/R.scriptSuite;
			refType = 4;
			sourceTree = "<group>";
		};
		1611E30A070B84080025F66D = {
			explicitFileType = text.xml;
			fileEncoding = 30;
			isa = PBXFileReference;
			name = English;
			path = English.lproj/R.scriptTerminology;
			refType = 4;
			sourceTree = "<group>";
		};
		1611E321070B86850025F66D = {
			children = (
				1611E2E9070B83770025F66D,
			);
			isa = PBXVariantGroup;
			name = R.scriptSuite;
			refType = 4;
			sourceTree = "<group>";
		};
		1611E322070B86850025F66D = {
			fileRef = 1611E321070B86850025F66D;
			isa = PBXBuildFile;
			settings = {
			};
		};
		1611E323070B86990025F66D = {
			children = (
				1611E30A070B84080025F66D,
			);
			isa = PBXVariantGroup;
			name = R.scriptTerminology;
			refType = 4;
			sourceTree = "<group>";
		};
		1611E324070B86990025F66D = {
			fileRef = 1611E323070B86990025F66D;
			isa = PBXBuildFile;
			settings = {
			};
		};
		16151A5507CD2B2B0018B619 = {
			isa = PBXFileReference;
			lastKnownFileType = wrapper.nib;
			name = fr;
			path = fr.lproj/MainMenu.nib;
			refType = 4;
			sourceTree = "<group>";
		};
		16151A5607CD2B3B0018B619 = {
			isa = PBXFileReference;
			lastKnownFileType = wrapper.nib;
			name = fr;
			path = fr.lproj/SyntaxColorsPrefPane.nib;
			refType = 4;
			sourceTree = "<group>";
		};
		16151A5707CD2B430018B619 = {
			isa = PBXFileReference;
			lastKnownFileType = wrapper.nib;
			name = fr;
			path = fr.lproj/ColorsPrefPane.nib;
			refType = 4;
			sourceTree = "<group>";
		};
		16151A5807CD2B500018B619 = {
			isa = PBXFileReference;
			lastKnownFileType = wrapper.nib;
			name = fr;
			path = fr.lproj/EditorPrefPane.nib;
			refType = 4;
			sourceTree = "<group>";
		};
		16151A5907CD2B5B0018B619 = {
			isa = PBXFileReference;
			lastKnownFileType = wrapper.nib;
			name = fr;
			path = fr.lproj/MiscPrefPane.nib;
			refType = 4;
			sourceTree = "<group>";
		};
		16151A5A07CD2B660018B619 = {
			isa = PBXFileReference;
			lastKnownFileType = wrapper.nib;
			name = fr;
			path = fr.lproj/QuartzPrefPane.nib;
			refType = 4;
			sourceTree = "<group>";
		};
		162B6A0406CD770C00C0B085 = {
			children = (
				1C5306ED081F54F600ECECD2,
				163C8F3D072937E800117DC8,
				F8E2802F071F07FE00BA437C,
				F8E2800A071F048500BA437C,
				16A2602A072AB6360047E009,
				F8E28000071F030200BA437C,
				F8E27FF2071F021700BA437C,
				1651D9640715EA5D00FB6962,
				16E850970708D5BC00BB0282,
				1685985C06FF7ADA0000896D,
				1685985D06FF7ADA0000896D,
				1685986606FF7AE90000896D,
				1685986706FF7AE90000896D,
				1C34E5C906F9C76700211ACC,
				16A25FEE072AB2940047E009,
				16A25FE7072AB28C0047E009,
				16A25FE0072AB2800047E009,
				16E8506E0708CF2E00BB0282,
				1C94C8F206F9B56E00F4D9C0,
				1C94C8C006F9AC8900F4D9C0,
				169B45B006DFED7E006915E6,
				167EA49006D100310039E305,
				167EA48506D0FD1F0039E305,
				167EA45906D0F07F0039E305,
				167EA46B06D0F36E0039E305,
				16E850840708CFF900BB0282,
				162B6A1906CD773800C0B085,
				16D3042706B55072009CB94A,
				16D3044306B556BD009CB94A,
			);
			isa = PBXGroup;
			name = images;
			refType = 4;
			sourceTree = "<group>";
		};
		162B6A1906CD773800C0B085 = {
			isa = PBXFileReference;
			lastKnownFileType = image.icns;
			name = logs.icns;
			path = images/logs.icns;
			refType = 4;
			sourceTree = "<group>";
		};
		162B6A1A06CD773800C0B085 = {
			fileRef = 162B6A1906CD773800C0B085;
			isa = PBXBuildFile;
			settings = {
			};
		};
		162D387B06F71A3000C0936C = {
			isa = PBXFileReference;
			lastKnownFileType = wrapper.framework;
			name = Security.framework;
			path = /System/Library/Frameworks/Security.framework;
			refType = 0;
			sourceTree = "<absolute>";
		};
		162D387C06F71A3000C0936C = {
			fileRef = 162D387B06F71A3000C0936C;
			isa = PBXBuildFile;
			settings = {
			};
		};
		1633F00B06E62EF200225AA9 = {
			children = (
				68E2B9F00796C9D200E31F29,
				68E2B9F10796C9D200E31F29,
				1633F01E06E62F7000225AA9,
				1633F02406E62F7800225AA9,
				1633F0E306E63DEB00225AA9,
				1633F0E406E63DEB00225AA9,
				16CAC3E506E67FBA0049192B,
				16CAC3E606E67FBA0049192B,
			);
			isa = PBXGroup;
			path = Quartz;
			refType = 4;
			sourceTree = "<group>";
		};
		1633F01E06E62F7000225AA9 = {
			fileEncoding = 30;
			isa = PBXFileReference;
			lastKnownFileType = sourcecode.c.objc;
			path = RQuartz.m;
			refType = 4;
			sourceTree = "<group>";
		};
		1633F01F06E62F7000225AA9 = {
			fileRef = 1633F01E06E62F7000225AA9;
			isa = PBXBuildFile;
			settings = {
			};
		};
		1633F02406E62F7800225AA9 = {
			fileEncoding = 30;
			isa = PBXFileReference;
			lastKnownFileType = sourcecode.c.h;
			path = RQuartz.h;
			refType = 4;
			sourceTree = "<group>";
		};
		1633F02506E62F7800225AA9 = {
			fileRef = 1633F02406E62F7800225AA9;
			isa = PBXBuildFile;
			settings = {
			};
		};
		1633F03D06E630B900225AA9 = {
			children = (
				1633F03E06E630B900225AA9,
				1638AFAF07D2247500BEE02D,
			);
			isa = PBXVariantGroup;
			name = RQuartz.nib;
			path = "";
			refType = 4;
			sourceTree = "<group>";
		};
		1633F03E06E630B900225AA9 = {
			isa = PBXFileReference;
			lastKnownFileType = wrapper.nib;
			name = English;
			path = English.lproj/RQuartz.nib;
			refType = 4;
			sourceTree = "<group>";
		};
		1633F03F06E630B900225AA9 = {
			fileRef = 1633F03D06E630B900225AA9;
			isa = PBXBuildFile;
			settings = {
			};
		};
		1633F0E306E63DEB00225AA9 = {
			fileEncoding = 30;
			isa = PBXFileReference;
			lastKnownFileType = sourcecode.c.h;
			path = QuartzDevice.h;
			refType = 4;
			sourceTree = "<group>";
		};
		1633F0E406E63DEB00225AA9 = {
			fileEncoding = 30;
			isa = PBXFileReference;
			lastKnownFileType = sourcecode.c.objc;
			path = QuartzDevice.m;
			refType = 4;
			sourceTree = "<group>";
		};
		1633F0E506E63DEB00225AA9 = {
			fileRef = 1633F0E306E63DEB00225AA9;
			isa = PBXBuildFile;
			settings = {
			};
		};
		1633F0E606E63DEB00225AA9 = {
			fileRef = 1633F0E406E63DEB00225AA9;
			isa = PBXBuildFile;
			settings = {
			};
		};
		1636285006BA2B490005C811 = {
			children = (
				1636285106BA2B490005C811,
				1636285206BA2B490005C811,
				1636285306BA2B490005C811,
				1636285406BA2B490005C811,
				1636285606BA2B490005C811,
				16EE32EE06E48A4300D6A457,
				1636285706BA2B490005C811,
				1636285806BA2B490005C811,
			);
			isa = PBXGroup;
			path = REngine;
			refType = 4;
			sourceTree = "<group>";
		};
		1636285106BA2B490005C811 = {
			fileEncoding = 30;
			isa = PBXFileReference;
			lastKnownFileType = sourcecode.c.h;
			path = Rcallbacks.h;
			refType = 4;
			sourceTree = "<group>";
		};
		1636285206BA2B490005C811 = {
			fileEncoding = 30;
			isa = PBXFileReference;
			lastKnownFileType = sourcecode.c.objc;
			path = Rcallbacks.m;
			refType = 4;
			sourceTree = "<group>";
		};
		1636285306BA2B490005C811 = {
			fileEncoding = 30;
			isa = PBXFileReference;
			lastKnownFileType = sourcecode.c.h;
			path = REngine.h;
			refType = 4;
			sourceTree = "<group>";
		};
		1636285406BA2B490005C811 = {
			fileEncoding = 30;
			isa = PBXFileReference;
			lastKnownFileType = sourcecode.c.objc;
			path = REngine.m;
			refType = 4;
			sourceTree = "<group>";
		};
		1636285606BA2B490005C811 = {
			fileEncoding = 30;
			isa = PBXFileReference;
			lastKnownFileType = sourcecode.c.h;
			path = Rinit.h;
			refType = 4;
			sourceTree = "<group>";
		};
		1636285706BA2B490005C811 = {
			fileEncoding = 30;
			isa = PBXFileReference;
			lastKnownFileType = sourcecode.c.h;
			path = RSEXP.h;
			refType = 4;
			sourceTree = "<group>";
		};
		1636285806BA2B490005C811 = {
			fileEncoding = 30;
			isa = PBXFileReference;
			lastKnownFileType = sourcecode.c.objc;
			path = RSEXP.m;
			refType = 4;
			sourceTree = "<group>";
		};
		1636285906BA2B490005C811 = {
			fileRef = 1636285106BA2B490005C811;
			isa = PBXBuildFile;
			settings = {
			};
		};
		1636285A06BA2B490005C811 = {
			fileRef = 1636285206BA2B490005C811;
			isa = PBXBuildFile;
			settings = {
			};
		};
		1636285B06BA2B490005C811 = {
			fileRef = 1636285306BA2B490005C811;
			isa = PBXBuildFile;
			settings = {
			};
		};
		1636285C06BA2B490005C811 = {
			fileRef = 1636285406BA2B490005C811;
			isa = PBXBuildFile;
			settings = {
			};
		};
		1636285E06BA2B490005C811 = {
			fileRef = 1636285606BA2B490005C811;
			isa = PBXBuildFile;
			settings = {
			};
		};
		1636285F06BA2B490005C811 = {
			fileRef = 1636285706BA2B490005C811;
			isa = PBXBuildFile;
			settings = {
			};
		};
		1636286006BA2B490005C811 = {
			fileRef = 1636285806BA2B490005C811;
			isa = PBXBuildFile;
			settings = {
			};
		};
		1638AFAD07D2247500BEE02D = {
			isa = PBXFileReference;
			lastKnownFileType = wrapper.nib;
			name = ja;
			path = ja.lproj/RConsole.nib;
			refType = 4;
			sourceTree = "<group>";
		};
		1638AFAE07D2247500BEE02D = {
			isa = PBXFileReference;
			lastKnownFileType = wrapper.nib;
			name = ja;
			path = ja.lproj/RDocument.nib;
			refType = 4;
			sourceTree = "<group>";
		};
		1638AFAF07D2247500BEE02D = {
			isa = PBXFileReference;
			lastKnownFileType = wrapper.nib;
			name = ja;
			path = ja.lproj/RQuartz.nib;
			refType = 4;
			sourceTree = "<group>";
		};
		163B0CA306CE528400A380BE = {
			fileEncoding = 30;
			isa = PBXFileReference;
			lastKnownFileType = sourcecode.c.h;
			path = RDocument.h;
			refType = 4;
			sourceTree = "<group>";
		};
		163B0CA406CE528400A380BE = {
			fileEncoding = 30;
			isa = PBXFileReference;
			lastKnownFileType = sourcecode.c.objc;
			path = RDocument.m;
			refType = 4;
			sourceTree = "<group>";
		};
		163B0CA506CE528400A380BE = {
			fileRef = 163B0CA306CE528400A380BE;
			isa = PBXBuildFile;
			settings = {
			};
		};
		163B0CA606CE528400A380BE = {
			fileRef = 163B0CA406CE528400A380BE;
			isa = PBXBuildFile;
			settings = {
			};
		};
		163B0CF706CE58F000A380BE = {
			children = (
				163B0CF806CE58F000A380BE,
				1638AFAE07D2247500BEE02D,
			);
			isa = PBXVariantGroup;
			name = RDocument.nib;
			path = "";
			refType = 4;
			sourceTree = "<group>";
		};
		163B0CF806CE58F000A380BE = {
			isa = PBXFileReference;
			lastKnownFileType = wrapper.nib;
			name = English;
			path = English.lproj/RDocument.nib;
			refType = 4;
			sourceTree = "<group>";
		};
		163B0CF906CE58F000A380BE = {
			fileRef = 163B0CF706CE58F000A380BE;
			isa = PBXBuildFile;
			settings = {
			};
		};
		163B0D0406CE597300A380BE = {
			children = (
				163B0D0506CE597300A380BE,
				686967BF079814E0002A1932,
				16B66A5607B6EB260053EDB2,
				161034F707D2232400677899,
				681D40BE081D653B0019CB4C,
			);
			isa = PBXVariantGroup;
			name = Credits.rtf;
			path = "";
			refType = 4;
			sourceTree = "<group>";
		};
		163B0D0506CE597300A380BE = {
			isa = PBXFileReference;
			lastKnownFileType = text.rtf;
			name = English;
			path = English.lproj/Credits.rtf;
			refType = 4;
			sourceTree = "<group>";
		};
		163B0D0606CE597300A380BE = {
			fileRef = 163B0D0406CE597300A380BE;
			isa = PBXBuildFile;
			settings = {
			};
		};
		163B2CBA06ED1A990035FFD5 = {
			fileEncoding = 30;
			isa = PBXFileReference;
			lastKnownFileType = sourcecode.c.h;
			path = WSBrowser.h;
			refType = 4;
			sourceTree = "<group>";
		};
		163B2CBB06ED1A990035FFD5 = {
			fileEncoding = 30;
			isa = PBXFileReference;
			lastKnownFileType = sourcecode.c.objc;
			path = WSBrowser.m;
			refType = 4;
			sourceTree = "<group>";
		};
		163B2CBC06ED1A990035FFD5 = {
			fileRef = 163B2CBA06ED1A990035FFD5;
			isa = PBXBuildFile;
			settings = {
			};
		};
		163B2CBD06ED1A990035FFD5 = {
			fileRef = 163B2CBB06ED1A990035FFD5;
			isa = PBXBuildFile;
			settings = {
			};
		};
		163C8F3D072937E800117DC8 = {
			isa = PBXFileReference;
			lastKnownFileType = image.png;
			name = refresh.png;
			path = images/refresh.png;
			refType = 4;
			sourceTree = "<group>";
		};
		163C8F3E072937E800117DC8 = {
			fileRef = 163C8F3D072937E800117DC8;
			isa = PBXBuildFile;
			settings = {
			};
		};
		1651D9640715EA5D00FB6962 = {
			isa = PBXFileReference;
			lastKnownFileType = image.tiff;
			name = colors.tiff;
			path = images/colors.tiff;
			refType = 4;
			sourceTree = "<group>";
		};
		1651D9650715EA5D00FB6962 = {
			fileRef = 1651D9640715EA5D00FB6962;
			isa = PBXBuildFile;
			settings = {
			};
		};
		16572B2706F3A98600C69946 = {
			fileEncoding = 30;
			isa = PBXFileReference;
			lastKnownFileType = sourcecode.c.h;
			path = REditor.h;
			refType = 4;
			sourceTree = "<group>";
		};
		16572B2806F3A98600C69946 = {
			fileEncoding = 30;
			isa = PBXFileReference;
			lastKnownFileType = sourcecode.c.objc;
			path = REditor.m;
			refType = 4;
			sourceTree = "<group>";
		};
		16572B2906F3A98600C69946 = {
			fileRef = 16572B2706F3A98600C69946;
			isa = PBXBuildFile;
			settings = {
			};
		};
		16572B2A06F3A98600C69946 = {
			fileRef = 16572B2806F3A98600C69946;
			isa = PBXBuildFile;
			settings = {
			};
		};
		1659C15A07BBA5040076DC4F = {
			isa = PBXFileReference;
			lastKnownFileType = wrapper.nib;
			name = it;
			path = it.lproj/EditorPrefPane.nib;
			refType = 4;
			sourceTree = "<group>";
		};
		165C0F4706EF05E000994593 = {
			fileEncoding = 30;
			isa = PBXFileReference;
			lastKnownFileType = sourcecode.c.objc;
			path = SearchTable.m;
			refType = 4;
			sourceTree = "<group>";
		};
		165C0F4806EF05E000994593 = {
			fileEncoding = 30;
			isa = PBXFileReference;
			lastKnownFileType = sourcecode.c.h;
			path = SearchTable.h;
			refType = 4;
			sourceTree = "<group>";
		};
		165C0F4906EF05E000994593 = {
			fileRef = 165C0F4706EF05E000994593;
			isa = PBXBuildFile;
			settings = {
			};
		};
		165C0F4A06EF05E000994593 = {
			fileRef = 165C0F4806EF05E000994593;
			isa = PBXBuildFile;
			settings = {
			};
		};
		1673550C06DE155F00A75774 = {
			fileEncoding = 30;
			isa = PBXFileReference;
			lastKnownFileType = sourcecode.c.h;
			path = PackageInstaller.h;
			refType = 4;
			sourceTree = "<group>";
		};
		1673550D06DE155F00A75774 = {
			fileEncoding = 30;
			isa = PBXFileReference;
			lastKnownFileType = sourcecode.c.objc;
			path = PackageInstaller.m;
			refType = 4;
			sourceTree = "<group>";
		};
		1673550E06DE155F00A75774 = {
			fileRef = 1673550C06DE155F00A75774;
			isa = PBXBuildFile;
			settings = {
			};
		};
		1673550F06DE155F00A75774 = {
			fileRef = 1673550D06DE155F00A75774;
			isa = PBXBuildFile;
			settings = {
			};
		};
		1674D23406BA2E37008AC794 = {
			isa = PBXFileReference;
			lastKnownFileType = wrapper.framework;
			name = R.framework;
			path = /Library/Frameworks/R.framework;
			refType = 0;
			sourceTree = "<absolute>";
		};
		1674D23506BA2E37008AC794 = {
			fileRef = 1674D23406BA2E37008AC794;
			isa = PBXBuildFile;
			settings = {
			};
		};
		167BDD5D06D4C0F5005381BB = {
			fileEncoding = 30;
			isa = PBXFileReference;
			lastKnownFileType = sourcecode.c.h;
			path = PackageManager.h;
			refType = 4;
			sourceTree = "<group>";
		};
		167BDD5E06D4C0F5005381BB = {
			fileEncoding = 30;
			isa = PBXFileReference;
			lastKnownFileType = sourcecode.c.objc;
			path = PackageManager.m;
			refType = 4;
			sourceTree = "<group>";
		};
		167BDD5F06D4C0F5005381BB = {
			fileRef = 167BDD5D06D4C0F5005381BB;
			isa = PBXBuildFile;
			settings = {
			};
		};
		167BDD6006D4C0F5005381BB = {
			fileRef = 167BDD5E06D4C0F5005381BB;
			isa = PBXBuildFile;
			settings = {
			};
		};
		167BE02006D5143A005381BB = {
			isa = PBXFileReference;
			lastKnownFileType = wrapper.framework;
			name = WebKit.framework;
			path = /System/Library/Frameworks/WebKit.framework;
			refType = 0;
			sourceTree = "<absolute>";
		};
		167BE02106D5143A005381BB = {
			fileRef = 167BE02006D5143A005381BB;
			isa = PBXBuildFile;
			settings = {
			};
		};
		167EA45906D0F07F0039E305 = {
			isa = PBXFileReference;
			lastKnownFileType = image.tiff;
			name = NewDocumentItemImage.tiff;
			path = images/NewDocumentItemImage.tiff;
			refType = 4;
			sourceTree = "<group>";
		};
		167EA45A06D0F07F0039E305 = {
			fileRef = 167EA45906D0F07F0039E305;
			isa = PBXBuildFile;
			settings = {
			};
		};
		167EA46B06D0F36E0039E305 = {
			isa = PBXFileReference;
			lastKnownFileType = image.tiff;
			name = SaveDocumentItemImage.tiff;
			path = images/SaveDocumentItemImage.tiff;
			refType = 4;
			sourceTree = "<group>";
		};
		167EA46C06D0F36E0039E305 = {
			fileRef = 167EA46B06D0F36E0039E305;
			isa = PBXBuildFile;
			settings = {
			};
		};
		167EA48506D0FD1F0039E305 = {
			isa = PBXFileReference;
			lastKnownFileType = image.tiff;
			name = LoadDocumentItemImage.tiff;
			path = images/LoadDocumentItemImage.tiff;
			refType = 4;
			sourceTree = "<group>";
		};
		167EA48606D0FD1F0039E305 = {
			fileRef = 167EA48506D0FD1F0039E305;
			isa = PBXBuildFile;
			settings = {
			};
		};
		167EA49006D100310039E305 = {
			isa = PBXFileReference;
			lastKnownFileType = image.png;
			name = RInput.png;
			path = images/RInput.png;
			refType = 4;
			sourceTree = "<group>";
		};
		167EA49106D100310039E305 = {
			fileRef = 167EA49006D100310039E305;
			isa = PBXBuildFile;
			settings = {
			};
		};
		1685985C06FF7ADA0000896D = {
			isa = PBXFileReference;
			lastKnownFileType = image.tiff;
			name = add_col.tiff;
			path = images/add_col.tiff;
			refType = 4;
			sourceTree = "<group>";
		};
		1685985D06FF7ADA0000896D = {
			isa = PBXFileReference;
			lastKnownFileType = image.tiff;
			name = add_row.tiff;
			path = images/add_row.tiff;
			refType = 4;
			sourceTree = "<group>";
		};
		1685985E06FF7ADA0000896D = {
			fileRef = 1685985C06FF7ADA0000896D;
			isa = PBXBuildFile;
			settings = {
			};
		};
		1685985F06FF7ADA0000896D = {
			fileRef = 1685985D06FF7ADA0000896D;
			isa = PBXBuildFile;
			settings = {
			};
		};
		1685986606FF7AE90000896D = {
			isa = PBXFileReference;
			lastKnownFileType = image.tiff;
			name = rem_col.tiff;
			path = images/rem_col.tiff;
			refType = 4;
			sourceTree = "<group>";
		};
		1685986706FF7AE90000896D = {
			isa = PBXFileReference;
			lastKnownFileType = image.tiff;
			name = rem_row.tiff;
			path = images/rem_row.tiff;
			refType = 4;
			sourceTree = "<group>";
		};
		1685986806FF7AE90000896D = {
			fileRef = 1685986606FF7AE90000896D;
			isa = PBXBuildFile;
			settings = {
			};
		};
		1685986906FF7AE90000896D = {
			fileRef = 1685986706FF7AE90000896D;
			isa = PBXBuildFile;
			settings = {
			};
		};
		168776E907D7C62B0064425C = {
			fileEncoding = 4;
			isa = PBXFileReference;
			lastKnownFileType = sourcecode.c.h;
			path = SelectList.h;
			refType = 4;
			sourceTree = "<group>";
		};
		168776EA07D7C62B0064425C = {
			fileEncoding = 4;
			isa = PBXFileReference;
			lastKnownFileType = sourcecode.c.objc;
			path = SelectList.m;
			refType = 4;
			sourceTree = "<group>";
		};
		168776EB07D7C62B0064425C = {
			fileRef = 168776E907D7C62B0064425C;
			isa = PBXBuildFile;
			settings = {
			};
		};
		168776EC07D7C62B0064425C = {
			fileRef = 168776EA07D7C62B0064425C;
			isa = PBXBuildFile;
			settings = {
			};
		};
		169970A106DCD17300FFACB0 = {
			fileEncoding = 30;
			isa = PBXFileReference;
			lastKnownFileType = sourcecode.c.h;
			path = DataManager.h;
			refType = 4;
			sourceTree = "<group>";
		};
		169970A206DCD17300FFACB0 = {
			fileEncoding = 30;
			isa = PBXFileReference;
			lastKnownFileType = sourcecode.c.objc;
			path = DataManager.m;
			refType = 4;
			sourceTree = "<group>";
		};
		169970A306DCD17300FFACB0 = {
			fileRef = 169970A106DCD17300FFACB0;
			isa = PBXBuildFile;
			settings = {
			};
		};
		169970A406DCD17300FFACB0 = {
			fileRef = 169970A206DCD17300FFACB0;
			isa = PBXBuildFile;
			settings = {
			};
		};
		169B45B006DFED7E006915E6 = {
			isa = PBXFileReference;
			lastKnownFileType = image.icns;
			name = X11.icns;
			path = images/X11.icns;
			refType = 4;
			sourceTree = "<group>";
		};
		169B45B106DFED7E006915E6 = {
			fileRef = 169B45B006DFED7E006915E6;
			isa = PBXBuildFile;
			settings = {
			};
		};
		16A25F57072AACF40047E009 = {
			children = (
				16A26031072AB6660047E009,
				16A26032072AB6660047E009,
				D41DED4A073B3EE400B900F2,
				D41DED4B073B3EE400B900F2,
				16A25F58072AACF40047E009,
				16A25F59072AACF40047E009,
				16A25F5A072AACF40047E009,
				16A25F5B072AACF40047E009,
				684D008307BD72BE0047EEF6,
				684D008407BD72BE0047EEF6,
				1CDD05460763E46900B8FCA6,
				1CDD05470763E46900B8FCA6,
			);
			isa = PBXGroup;
			path = PrefPanes;
			refType = 4;
			sourceTree = "<group>";
		};
		16A25F58072AACF40047E009 = {
			fileEncoding = 30;
			isa = PBXFileReference;
			lastKnownFileType = sourcecode.c.h;
			path = MiscPrefPane.h;
			refType = 4;
			sourceTree = "<group>";
		};
		16A25F59072AACF40047E009 = {
			fileEncoding = 30;
			isa = PBXFileReference;
			lastKnownFileType = sourcecode.c.objc;
			path = MiscPrefPane.m;
			refType = 4;
			sourceTree = "<group>";
		};
		16A25F5A072AACF40047E009 = {
			fileEncoding = 30;
			isa = PBXFileReference;
			lastKnownFileType = sourcecode.c.h;
			path = QuartzPrefPane.h;
			refType = 4;
			sourceTree = "<group>";
		};
		16A25F5B072AACF40047E009 = {
			fileEncoding = 30;
			isa = PBXFileReference;
			lastKnownFileType = sourcecode.c.objc;
			path = QuartzPrefPane.m;
			refType = 4;
			sourceTree = "<group>";
		};
		16A25F5C072AACF40047E009 = {
			fileRef = 16A25F58072AACF40047E009;
			isa = PBXBuildFile;
			settings = {
			};
		};
		16A25F5D072AACF40047E009 = {
			fileRef = 16A25F59072AACF40047E009;
			isa = PBXBuildFile;
			settings = {
			};
		};
		16A25F5E072AACF40047E009 = {
			fileRef = 16A25F5A072AACF40047E009;
			isa = PBXBuildFile;
			settings = {
			};
		};
		16A25F5F072AACF40047E009 = {
			fileRef = 16A25F5B072AACF40047E009;
			isa = PBXBuildFile;
			settings = {
			};
		};
		16A25F63072AAD110047E009 = {
			children = (
				16A25F64072AAD110047E009,
				16A25F65072AAD110047E009,
				16A25F66072AAD110047E009,
				16A25F67072AAD110047E009,
				16A25F68072AAD110047E009,
				16A25F69072AAD110047E009,
				16A25F6A072AAD110047E009,
				16A25F6B072AAD110047E009,
				16A25F6C072AAD110047E009,
				16A25F6D072AAD120047E009,
				16A25F6E072AAD120047E009,
				16A25F6F072AAD120047E009,
				16A25F70072AAD120047E009,
			);
			isa = PBXGroup;
			path = AMPrefs;
			refType = 4;
			sourceTree = "<group>";
		};
		16A25F64072AAD110047E009 = {
			fileEncoding = 4;
			isa = PBXFileReference;
			lastKnownFileType = sourcecode.c.h;
			path = AMPreferencePane.h;
			refType = 4;
			sourceTree = "<group>";
		};
		16A25F65072AAD110047E009 = {
			fileEncoding = 4;
			isa = PBXFileReference;
			lastKnownFileType = sourcecode.c.objc;
			path = AMPreferencePane.m;
			refType = 4;
			sourceTree = "<group>";
		};
		16A25F66072AAD110047E009 = {
			fileEncoding = 4;
			isa = PBXFileReference;
			lastKnownFileType = sourcecode.c.h;
			path = AMPreferenceWindowController.h;
			refType = 4;
			sourceTree = "<group>";
		};
		16A25F67072AAD110047E009 = {
			fileEncoding = 4;
			isa = PBXFileReference;
			lastKnownFileType = sourcecode.c.objc;
			path = AMPreferenceWindowController.m;
			refType = 4;
			sourceTree = "<group>";
		};
		16A25F68072AAD110047E009 = {
			fileEncoding = 4;
			isa = PBXFileReference;
			lastKnownFileType = sourcecode.c.h;
			path = AMPrefPaneIcon.h;
			refType = 4;
			sourceTree = "<group>";
		};
		16A25F69072AAD110047E009 = {
			fileEncoding = 4;
			isa = PBXFileReference;
			lastKnownFileType = sourcecode.c.objc;
			path = AMPrefPaneIcon.m;
			refType = 4;
			sourceTree = "<group>";
		};
		16A25F6A072AAD110047E009 = {
			fileEncoding = 4;
			isa = PBXFileReference;
			lastKnownFileType = sourcecode.c.h;
			path = AMPrefPaneIconView.h;
			refType = 4;
			sourceTree = "<group>";
		};
		16A25F6B072AAD110047E009 = {
			fileEncoding = 4;
			isa = PBXFileReference;
			lastKnownFileType = sourcecode.c.objc;
			path = AMPrefPaneIconView.m;
			refType = 4;
			sourceTree = "<group>";
		};
		16A25F6C072AAD110047E009 = {
			fileEncoding = 4;
			isa = PBXFileReference;
			lastKnownFileType = sourcecode.c.h;
			path = AMPrefPaneProtocol.h;
			refType = 4;
			sourceTree = "<group>";
		};
		16A25F6D072AAD120047E009 = {
			fileEncoding = 30;
			isa = PBXFileReference;
			lastKnownFileType = text;
			path = default.css;
			refType = 4;
			sourceTree = "<group>";
		};
		16A25F6E072AAD120047E009 = {
			explicitFileType = text.html.documentation;
			fileEncoding = 30;
			isa = PBXFileReference;
			path = index.html;
			refType = 4;
			sourceTree = "<group>";
		};
		16A25F6F072AAD120047E009 = {
			fileEncoding = 4;
			isa = PBXFileReference;
			lastKnownFileType = sourcecode.c.h;
			path = NSImage_AMAdditions.h;
			refType = 4;
			sourceTree = "<group>";
		};
		16A25F70072AAD120047E009 = {
			fileEncoding = 4;
			isa = PBXFileReference;
			lastKnownFileType = sourcecode.c.objc;
			path = NSImage_AMAdditions.m;
			refType = 4;
			sourceTree = "<group>";
		};
		16A25F71072AAD120047E009 = {
			fileRef = 16A25F64072AAD110047E009;
			isa = PBXBuildFile;
			settings = {
			};
		};
		16A25F72072AAD120047E009 = {
			fileRef = 16A25F65072AAD110047E009;
			isa = PBXBuildFile;
			settings = {
			};
		};
		16A25F73072AAD120047E009 = {
			fileRef = 16A25F66072AAD110047E009;
			isa = PBXBuildFile;
			settings = {
			};
		};
		16A25F74072AAD120047E009 = {
			fileRef = 16A25F67072AAD110047E009;
			isa = PBXBuildFile;
			settings = {
			};
		};
		16A25F75072AAD120047E009 = {
			fileRef = 16A25F68072AAD110047E009;
			isa = PBXBuildFile;
			settings = {
			};
		};
		16A25F76072AAD120047E009 = {
			fileRef = 16A25F69072AAD110047E009;
			isa = PBXBuildFile;
			settings = {
			};
		};
		16A25F77072AAD120047E009 = {
			fileRef = 16A25F6A072AAD110047E009;
			isa = PBXBuildFile;
			settings = {
			};
		};
		16A25F78072AAD120047E009 = {
			fileRef = 16A25F6B072AAD110047E009;
			isa = PBXBuildFile;
			settings = {
			};
		};
		16A25F79072AAD120047E009 = {
			fileRef = 16A25F6C072AAD110047E009;
			isa = PBXBuildFile;
			settings = {
			};
		};
		16A25F7A072AAD120047E009 = {
			fileRef = 16A25F6D072AAD120047E009;
			isa = PBXBuildFile;
			settings = {
			};
		};
		16A25F7B072AAD120047E009 = {
			fileRef = 16A25F6E072AAD120047E009;
			isa = PBXBuildFile;
			settings = {
			};
		};
		16A25F7C072AAD120047E009 = {
			fileRef = 16A25F6F072AAD120047E009;
			isa = PBXBuildFile;
			settings = {
			};
		};
		16A25F7D072AAD120047E009 = {
			fileRef = 16A25F70072AAD120047E009;
			isa = PBXBuildFile;
			settings = {
			};
		};
		16A25FA5072AAFD40047E009 = {
			children = (
				16A25FA6072AAFD40047E009,
				68C0CFD307BBDAF000EA34B7,
				68C0CFD407BBDAF300EA34B7,
				16151A5A07CD2B660018B619,
				161034F607D2232400677899,
			);
			isa = PBXVariantGroup;
			name = QuartzPrefPane.nib;
			path = "";
			refType = 4;
			sourceTree = "<group>";
		};
		16A25FA6072AAFD40047E009 = {
			isa = PBXFileReference;
			lastKnownFileType = wrapper.nib;
			name = English;
			path = English.lproj/QuartzPrefPane.nib;
			refType = 4;
			sourceTree = "<group>";
		};
		16A25FA7072AAFD40047E009 = {
			fileRef = 16A25FA5072AAFD40047E009;
			isa = PBXBuildFile;
			settings = {
			};
		};
		16A25FAC072AAFDF0047E009 = {
			children = (
				16A25FAD072AAFDF0047E009,
				685355FF07B0052E00FDAAC3,
				68C30D4007B80D7B0020A506,
				16151A5907CD2B5B0018B619,
				161034F507D2232400677899,
			);
			isa = PBXVariantGroup;
			name = MiscPrefPane.nib;
			path = "";
			refType = 4;
			sourceTree = "<group>";
		};
		16A25FAD072AAFDF0047E009 = {
			isa = PBXFileReference;
			lastKnownFileType = wrapper.nib;
			name = English;
			path = English.lproj/MiscPrefPane.nib;
			refType = 4;
			sourceTree = "<group>";
		};
		16A25FAE072AAFDF0047E009 = {
			fileRef = 16A25FAC072AAFDF0047E009;
			isa = PBXBuildFile;
			settings = {
			};
		};
		16A25FE0072AB2800047E009 = {
			isa = PBXFileReference;
			lastKnownFileType = image.png;
			name = miscPP.png;
			path = images/miscPP.png;
			refType = 4;
			sourceTree = "<group>";
		};
		16A25FE1072AB2800047E009 = {
			fileRef = 16A25FE0072AB2800047E009;
			isa = PBXBuildFile;
			settings = {
			};
		};
		16A25FE7072AB28C0047E009 = {
			isa = PBXFileReference;
			lastKnownFileType = image.tiff;
			name = Prefs.tiff;
			path = images/Prefs.tiff;
			refType = 4;
			sourceTree = "<group>";
		};
		16A25FE8072AB28C0047E009 = {
			fileRef = 16A25FE7072AB28C0047E009;
			isa = PBXBuildFile;
			settings = {
			};
		};
		16A25FEE072AB2940047E009 = {
			isa = PBXFileReference;
			lastKnownFileType = image.tiff;
			name = quartzPP.tiff;
			path = images/quartzPP.tiff;
			refType = 4;
			sourceTree = "<group>";
		};
		16A25FEF072AB2940047E009 = {
			fileRef = 16A25FEE072AB2940047E009;
			isa = PBXBuildFile;
			settings = {
			};
		};
		16A2602A072AB6360047E009 = {
			isa = PBXFileReference;
			lastKnownFileType = image.tiff;
			name = colorsPP.tiff;
			path = images/colorsPP.tiff;
			refType = 4;
			sourceTree = "<group>";
		};
		16A2602B072AB6360047E009 = {
			fileRef = 16A2602A072AB6360047E009;
			isa = PBXBuildFile;
			settings = {
			};
		};
		16A26031072AB6660047E009 = {
			fileEncoding = 30;
			isa = PBXFileReference;
			lastKnownFileType = sourcecode.c.h;
			path = ColorsPrefPane.h;
			refType = 4;
			sourceTree = "<group>";
		};
		16A26032072AB6660047E009 = {
			fileEncoding = 30;
			isa = PBXFileReference;
			lastKnownFileType = sourcecode.c.objc;
			path = ColorsPrefPane.m;
			refType = 4;
			sourceTree = "<group>";
		};
		16A26033072AB6660047E009 = {
			fileRef = 16A26031072AB6660047E009;
			isa = PBXBuildFile;
			settings = {
			};
		};
		16A26034072AB6660047E009 = {
			fileRef = 16A26032072AB6660047E009;
			isa = PBXBuildFile;
			settings = {
			};
		};
		16A2604A072AB7D80047E009 = {
			children = (
				16A2604B072AB7D80047E009,
				6880973207AFFB2000F90DB0,
				68C30D3D07B80D6C0020A506,
				16151A5707CD2B430018B619,
				161034F307D2232400677899,
			);
			isa = PBXVariantGroup;
			name = ColorsPrefPane.nib;
			path = "";
			refType = 4;
			sourceTree = "<group>";
		};
		16A2604B072AB7D80047E009 = {
			isa = PBXFileReference;
			lastKnownFileType = wrapper.nib;
			name = English;
			path = English.lproj/ColorsPrefPane.nib;
			refType = 4;
			sourceTree = "<group>";
		};
		16A2604C072AB7D80047E009 = {
			fileRef = 16A2604A072AB7D80047E009;
			isa = PBXBuildFile;
			settings = {
			};
		};
		16ABE72706C7512D00815F91 = {
			children = (
				1C0BD6BD07345B4300D43C33,
				1C0BD6BE07345B4300D43C33,
				16ABE77F06C7538500815F91,
				16ABE78006C7538500815F91,
				68AAC9E308F41CBB0064CDA1,
				68AAC9E408F41CBB0064CDA1,
				16ABE75706C752C600815F91,
				16ABE75806C752C600815F91,
				6807E643080EAE4100A03223,
				6807E644080EAE4100A03223,
				16ABE72806C7512D00815F91,
				16ABE72906C7512D00815F91,
				68AAC9E508F41CBB0064CDA1,
				68AAC9E608F41CBB0064CDA1,
				1CC7C86507396890005CF3AA,
				1CC7C86607396890005CF3AA,
			);
			isa = PBXGroup;
			path = Tools;
			refType = 4;
			sourceTree = "<group>";
		};
		16ABE72806C7512D00815F91 = {
			fileEncoding = 30;
			isa = PBXFileReference;
			lastKnownFileType = sourcecode.c.h;
			path = History.h;
			refType = 4;
			sourceTree = "<group>";
		};
		16ABE72906C7512D00815F91 = {
			fileEncoding = 30;
			isa = PBXFileReference;
			lastKnownFileType = sourcecode.c.objc;
			path = History.m;
			refType = 4;
			sourceTree = "<group>";
		};
		16ABE72A06C7512D00815F91 = {
			fileRef = 16ABE72806C7512D00815F91;
			isa = PBXBuildFile;
			settings = {
			};
		};
		16ABE72B06C7512D00815F91 = {
			fileRef = 16ABE72906C7512D00815F91;
			isa = PBXBuildFile;
			settings = {
			};
		};
		16ABE75706C752C600815F91 = {
			fileEncoding = 30;
			isa = PBXFileReference;
			lastKnownFileType = sourcecode.c.h;
			path = FileCompletion.h;
			refType = 4;
			sourceTree = "<group>";
		};
		16ABE75806C752C600815F91 = {
			fileEncoding = 30;
			isa = PBXFileReference;
			lastKnownFileType = sourcecode.c.objc;
			path = FileCompletion.m;
			refType = 4;
			sourceTree = "<group>";
		};
		16ABE75906C752C600815F91 = {
			fileRef = 16ABE75706C752C600815F91;
			isa = PBXBuildFile;
			settings = {
			};
		};
		16ABE75A06C752C600815F91 = {
			fileRef = 16ABE75806C752C600815F91;
			isa = PBXBuildFile;
			settings = {
			};
		};
		16ABE77F06C7538500815F91 = {
			fileEncoding = 30;
			isa = PBXFileReference;
			lastKnownFileType = sourcecode.c.h;
			path = CodeCompletion.h;
			refType = 4;
			sourceTree = "<group>";
		};
		16ABE78006C7538500815F91 = {
			fileEncoding = 30;
			isa = PBXFileReference;
			lastKnownFileType = sourcecode.c.objc;
			path = CodeCompletion.m;
			refType = 4;
			sourceTree = "<group>";
		};
		16ABE78106C7538500815F91 = {
			fileRef = 16ABE77F06C7538500815F91;
			isa = PBXBuildFile;
			settings = {
			};
		};
		16ABE78206C7538500815F91 = {
			fileRef = 16ABE78006C7538500815F91;
			isa = PBXBuildFile;
			settings = {
			};
		};
		16B66A3107B6E1F10053EDB2 = {
			fileEncoding = 4;
			isa = PBXFileReference;
			lastKnownFileType = text.plist.strings;
			name = it;
			path = it.lproj/Localizable.strings;
			refType = 4;
			sourceTree = "<group>";
		};
		16B66A5607B6EB260053EDB2 = {
			isa = PBXFileReference;
			lastKnownFileType = text.rtf;
			name = it;
			path = it.lproj/Credits.rtf;
			refType = 4;
			sourceTree = "<group>";
		};
		16CAC3E506E67FBA0049192B = {
			fileEncoding = 30;
			isa = PBXFileReference;
			lastKnownFileType = sourcecode.c.h;
			path = RDeviceView.h;
			refType = 4;
			sourceTree = "<group>";
		};
		16CAC3E606E67FBA0049192B = {
			fileEncoding = 30;
			isa = PBXFileReference;
			lastKnownFileType = sourcecode.c.objc;
			path = RDeviceView.m;
			refType = 4;
			sourceTree = "<group>";
		};
		16CAC3E706E67FBA0049192B = {
			fileRef = 16CAC3E506E67FBA0049192B;
			isa = PBXBuildFile;
			settings = {
			};
		};
		16CAC3E806E67FBA0049192B = {
			fileRef = 16CAC3E606E67FBA0049192B;
			isa = PBXBuildFile;
			settings = {
			};
		};
		16D3041606B54EE3009CB94A = {
			fileEncoding = 30;
			isa = PBXFileReference;
			lastKnownFileType = sourcecode.c.h;
			path = RController.h;
			refType = 4;
			sourceTree = "<group>";
		};
		16D3041706B54EE3009CB94A = {
			fileEncoding = 30;
			isa = PBXFileReference;
			lastKnownFileType = sourcecode.c.objc;
			path = RController.m;
			refType = 4;
			sourceTree = "<group>";
		};
		16D3041806B54EE3009CB94A = {
			fileRef = 16D3041606B54EE3009CB94A;
			isa = PBXBuildFile;
			settings = {
			};
		};
		16D3041906B54EE3009CB94A = {
			fileRef = 16D3041706B54EE3009CB94A;
			isa = PBXBuildFile;
			settings = {
			};
		};
		16D3042706B55072009CB94A = {
			isa = PBXFileReference;
			lastKnownFileType = image.png;
			path = RLogo.png;
			refType = 4;
			sourceTree = "<group>";
		};
		16D3042806B55072009CB94A = {
			fileRef = 16D3042706B55072009CB94A;
			isa = PBXBuildFile;
			settings = {
			};
		};
		16D3044306B556BD009CB94A = {
			isa = PBXFileReference;
			lastKnownFileType = image.icns;
			path = RLogo.icns;
			refType = 4;
			sourceTree = "<group>";
		};
		16D3044406B556BD009CB94A = {
			fileRef = 16D3044306B556BD009CB94A;
			isa = PBXBuildFile;
			settings = {
			};
		};
		16DB0E89072E5CFA00380720 = {
			fileEncoding = 30;
			isa = PBXFileReference;
			lastKnownFileType = text;
			path = COPYRIGHTS;
			refType = 4;
			sourceTree = "<group>";
		};
		16DB0E8A072E5CFA00380720 = {
			fileRef = 16DB0E89072E5CFA00380720;
			isa = PBXBuildFile;
			settings = {
			};
		};
		16E4F1FA06F1191B009DB2A8 = {
			fileEncoding = 30;
			isa = PBXFileReference;
			lastKnownFileType = sourcecode.c.h;
			path = HelpManager.h;
			refType = 4;
			sourceTree = "<group>";
		};
		16E4F1FB06F1191B009DB2A8 = {
			fileEncoding = 30;
			isa = PBXFileReference;
			lastKnownFileType = sourcecode.c.objc;
			path = HelpManager.m;
			refType = 4;
			sourceTree = "<group>";
		};
		16E4F1FC06F1191B009DB2A8 = {
			fileRef = 16E4F1FA06F1191B009DB2A8;
			isa = PBXBuildFile;
			settings = {
			};
		};
		16E4F1FD06F1191B009DB2A8 = {
			fileRef = 16E4F1FB06F1191B009DB2A8;
			isa = PBXBuildFile;
			settings = {
			};
		};
		16E4F2CE06F1322F009DB2A8 = {
			children = (
				169970A106DCD17300FFACB0,
				169970A206DCD17300FFACB0,
				16E4F1FA06F1191B009DB2A8,
				16E4F1FB06F1191B009DB2A8,
				167BDD5D06D4C0F5005381BB,
				167BDD5E06D4C0F5005381BB,
				1673550C06DE155F00A75774,
				1673550D06DE155F00A75774,
				16572B2706F3A98600C69946,
				16572B2806F3A98600C69946,
				165C0F4806EF05E000994593,
				165C0F4706EF05E000994593,
				168776E907D7C62B0064425C,
				168776EA07D7C62B0064425C,
				68AAC9EB08F41CD80064CDA1,
				68AAC9EC08F41CD80064CDA1,
				163B2CBA06ED1A990035FFD5,
				163B2CBB06ED1A990035FFD5,
			);
			isa = PBXGroup;
			name = Managers;
			refType = 4;
			sourceTree = "<group>";
		};
		16E8506E0708CF2E00BB0282 = {
			isa = PBXFileReference;
			lastKnownFileType = image.png;
			name = objRem.png;
			path = images/objRem.png;
			refType = 4;
			sourceTree = "<group>";
		};
		16E8506F0708CF2E00BB0282 = {
			fileRef = 16E8506E0708CF2E00BB0282;
			isa = PBXBuildFile;
			settings = {
			};
		};
		16E850840708CFF900BB0282 = {
			isa = PBXFileReference;
			lastKnownFileType = image.png;
			name = quit.png;
			path = images/quit.png;
			refType = 4;
			sourceTree = "<group>";
		};
		16E850850708CFF900BB0282 = {
			fileRef = 16E850840708CFF900BB0282;
			isa = PBXBuildFile;
			settings = {
			};
		};
		16E850970708D5BC00BB0282 = {
			isa = PBXFileReference;
			lastKnownFileType = image.tiff;
			name = objEdit.tiff;
			path = images/objEdit.tiff;
			refType = 4;
			sourceTree = "<group>";
		};
		16E850980708D5BC00BB0282 = {
			fileRef = 16E850970708D5BC00BB0282;
			isa = PBXBuildFile;
			settings = {
			};
		};
		16EE32EE06E48A4300D6A457 = {
			fileEncoding = 30;
			isa = PBXFileReference;
			lastKnownFileType = sourcecode.c.c;
			path = Rinit.c;
			refType = 4;
			sourceTree = "<group>";
		};
		16EE32EF06E48A4300D6A457 = {
			fileRef = 16EE32EE06E48A4300D6A457;
			isa = PBXBuildFile;
			settings = {
			};
		};
//160
//161
//162
//163
//164
//190
//191
//192
//193
//194
		19C28FACFE9D520D11CA2CBB = {
			children = (
				8D1107320486CEB800E47090,
			);
			isa = PBXGroup;
			name = Products;
			refType = 4;
			sourceTree = "<group>";
		};
//190
//191
//192
//193
//194
//1C0
//1C1
//1C2
//1C3
//1C4
		1C0BD6BD07345B4300D43C33 = {
			fileEncoding = 4;
			isa = PBXFileReference;
			lastKnownFileType = sourcecode.c.h;
			path = Authorization.h;
			refType = 4;
			sourceTree = "<group>";
		};
		1C0BD6BE07345B4300D43C33 = {
			fileEncoding = 4;
			isa = PBXFileReference;
			lastKnownFileType = sourcecode.c.c;
			path = Authorization.c;
			refType = 4;
			sourceTree = "<group>";
		};
		1C0BD6BF07345B4300D43C33 = {
			fileRef = 1C0BD6BD07345B4300D43C33;
			isa = PBXBuildFile;
			settings = {
			};
		};
		1C0BD6C007345B4300D43C33 = {
			fileRef = 1C0BD6BE07345B4300D43C33;
			isa = PBXBuildFile;
			settings = {
			};
		};
		1C34E5C906F9C76700211ACC = {
			isa = PBXFileReference;
			lastKnownFileType = image.tiff;
			name = stop.tiff;
			path = images/stop.tiff;
			refType = 4;
			sourceTree = "<group>";
		};
		1C34E5CA06F9C76700211ACC = {
			fileRef = 1C34E5C906F9C76700211ACC;
			isa = PBXBuildFile;
			settings = {
			};
		};
		1C34E60D06F9EC7D00211ACC = {
			buildActionMask = 2147483647;
			files = (
				1C34E61806F9ECDD00211ACC,
			);
			isa = PBXSourcesBuildPhase;
			runOnlyForDeploymentPostprocessing = 0;
		};
		1C34E60E06F9EC7D00211ACC = {
			buildActionMask = 2147483647;
			files = (
			);
			isa = PBXFrameworksBuildPhase;
			runOnlyForDeploymentPostprocessing = 0;
		};
		1C34E60F06F9EC7D00211ACC = {
			buildPhases = (
				1C34E60D06F9EC7D00211ACC,
				1C34E60E06F9EC7D00211ACC,
			);
			buildRules = (
			);
			buildSettings = {
				INSTALL_PATH = /usr/local/bin;
				OTHER_CFLAGS = "";
				OTHER_LDFLAGS = "";
				OTHER_REZFLAGS = "";
				PRODUCT_NAME = sush;
				SECTORDER_FLAGS = "";
				WARNING_CFLAGS = "-Wmost -Wno-four-char-constants -Wno-unknown-pragmas";
			};
			dependencies = (
			);
			isa = PBXNativeTarget;
			name = sush;
			productName = sush;
			productReference = 1C34E61006F9EC7D00211ACC;
			productType = "com.apple.product-type.tool";
		};
		1C34E61006F9EC7D00211ACC = {
			explicitFileType = "compiled.mach-o.executable";
			includeInIndex = 0;
			isa = PBXFileReference;
			path = sush;
			refType = 3;
			sourceTree = BUILT_PRODUCTS_DIR;
		};
		1C34E61406F9ECB100211ACC = {
			children = (
				1C34E61706F9ECDC00211ACC,
			);
			isa = PBXGroup;
			name = sush;
			refType = 4;
			sourceTree = "<group>";
		};
		1C34E61706F9ECDC00211ACC = {
			fileEncoding = 30;
			isa = PBXFileReference;
			lastKnownFileType = sourcecode.c.c;
			name = sush.c;
			path = Tools/sush.c;
			refType = 2;
			sourceTree = SOURCE_ROOT;
		};
		1C34E61806F9ECDD00211ACC = {
			fileRef = 1C34E61706F9ECDC00211ACC;
			isa = PBXBuildFile;
			settings = {
			};
		};
		1C34E62406F9EE2000211ACC = {
			fileRef = 1C34E61006F9EC7D00211ACC;
			isa = PBXBuildFile;
			settings = {
			};
		};
		1C5306ED081F54F600ECECD2 = {
			isa = PBXFileReference;
			lastKnownFileType = image.png;
			name = history.png;
			path = images/history.png;
			refType = 4;
			sourceTree = "<group>";
		};
		1C5306EE081F54F600ECECD2 = {
			fileRef = 1C5306ED081F54F600ECECD2;
			isa = PBXBuildFile;
			settings = {
			};
		};
		1C54CDAD0719742A00176826 = {
			buildActionMask = 2147483647;
			files = (
			);
			inputPaths = (
				"docs/RMacOSX-FAQ.texi",
				"",
			);
			isa = PBXShellScriptBuildPhase;
			outputPaths = (
				"docs/RMacOSX-FAQ.html",
			);
			runOnlyForDeploymentPostprocessing = 0;
			shellPath = /bin/sh;
			shellScript = "# shell script goes here\ncd docs\nmakeinfo -D UseExternalXrefs --html --force --no-split RMacOSX-FAQ.texi\n";
		};
		1C54CDAE0719742A00176826 = {
			buildPhases = (
				1C54CDAD0719742A00176826,
			);
			buildSettings = {
				OTHER_CFLAGS = "";
				OTHER_LDFLAGS = "";
				OTHER_REZFLAGS = "";
				PRODUCT_NAME = Docs;
				SECTORDER_FLAGS = "";
				WARNING_CFLAGS = "-Wmost -Wno-four-char-constants -Wno-unknown-pragmas";
			};
			dependencies = (
			);
			isa = PBXAggregateTarget;
			name = Docs;
			productName = Docs;
		};
		1C94C8C006F9AC8900F4D9C0 = {
			isa = PBXFileReference;
			lastKnownFileType = image.tiff;
			name = "lock-locked.tiff";
			path = "images/lock-locked.tiff";
			refType = 4;
			sourceTree = "<group>";
		};
		1C94C8C106F9AC8900F4D9C0 = {
			fileRef = 1C94C8C006F9AC8900F4D9C0;
			isa = PBXBuildFile;
			settings = {
			};
		};
		1C94C8F206F9B56E00F4D9C0 = {
			isa = PBXFileReference;
			lastKnownFileType = image.tiff;
			name = "lock-unlocked.tiff";
			path = "images/lock-unlocked.tiff";
			refType = 4;
			sourceTree = "<group>";
		};
		1C94C8F306F9B56E00F4D9C0 = {
			fileRef = 1C94C8F206F9B56E00F4D9C0;
			isa = PBXBuildFile;
			settings = {
			};
		};
		1CC7C86507396890005CF3AA = {
			fileEncoding = 4;
			isa = PBXFileReference;
			lastKnownFileType = sourcecode.c.h;
			path = SortableDataSource.h;
			refType = 4;
			sourceTree = "<group>";
		};
		1CC7C86607396890005CF3AA = {
			fileEncoding = 4;
			isa = PBXFileReference;
			lastKnownFileType = sourcecode.c.objc;
			path = SortableDataSource.m;
			refType = 4;
			sourceTree = "<group>";
		};
		1CC7C86707396890005CF3AA = {
			fileRef = 1CC7C86507396890005CF3AA;
			isa = PBXBuildFile;
			settings = {
			};
		};
		1CC7C86807396890005CF3AA = {
			fileRef = 1CC7C86607396890005CF3AA;
			isa = PBXBuildFile;
			settings = {
			};
		};
		1CDD05460763E46900B8FCA6 = {
			fileEncoding = 30;
			isa = PBXFileReference;
			lastKnownFileType = sourcecode.c.h;
			path = PrefWindowController.h;
			refType = 4;
			sourceTree = "<group>";
		};
		1CDD05470763E46900B8FCA6 = {
			fileEncoding = 30;
			isa = PBXFileReference;
			lastKnownFileType = sourcecode.c.objc;
			path = PrefWindowController.m;
			refType = 4;
			sourceTree = "<group>";
		};
		1CDD05480763E46900B8FCA6 = {
			fileRef = 1CDD05460763E46900B8FCA6;
			isa = PBXBuildFile;
			settings = {
			};
		};
		1CDD05490763E46900B8FCA6 = {
			fileRef = 1CDD05470763E46900B8FCA6;
			isa = PBXBuildFile;
			settings = {
			};
		};
		1CDD06110763FD2000B8FCA6 = {
			fileEncoding = 4;
			isa = PBXFileReference;
			lastKnownFileType = sourcecode.c.h;
			path = PreferenceKeys.h;
			refType = 4;
			sourceTree = "<group>";
		};
		1CDD06120763FD2000B8FCA6 = {
			fileRef = 1CDD06110763FD2000B8FCA6;
			isa = PBXBuildFile;
			settings = {
			};
		};
		1CF1108F0719797100121801 = {
			containerPortal = 29B97313FDCFA39411CA2CEA;
			isa = PBXContainerItemProxy;
			proxyType = 1;
			remoteGlobalIDString = 1C34E60F06F9EC7D00211ACC;
			remoteInfo = sush;
		};
		1CF110900719797100121801 = {
			isa = PBXTargetDependency;
			target = 1C34E60F06F9EC7D00211ACC;
			targetProxy = 1CF1108F0719797100121801;
		};
//1C0
//1C1
//1C2
//1C3
//1C4
//290
//291
//292
//293
//294
		29B97313FDCFA39411CA2CEA = {
			buildSettings = {
			};
			buildStyles = (
				4A9504CCFFE6A4B311CA0CBA,
				4A9504CDFFE6A4B311CA0CBA,
				6828383307804CC2004617B7,
			);
			hasScannedForEncodings = 1;
			isa = PBXProject;
			knownRegions = (
				English,
				Japanese,
				French,
				German,
				de,
				it,
				fr,
				jp,
				ja,
			);
			mainGroup = 29B97314FDCFA39411CA2CEA;
			projectDirPath = "";
			targets = (
				8D1107260486CEB800E47090,
				1C34E60F06F9EC7D00211ACC,
				1C54CDAE0719742A00176826,
			);
		};
		29B97314FDCFA39411CA2CEA = {
			children = (
				16A25F63072AAD110047E009,
				16A25F57072AACF40047E009,
				1602BB2D0719702800805588,
				16E4F2CE06F1322F009DB2A8,
				16ABE72706C7512D00815F91,
				1633F00B06E62EF200225AA9,
				1636285006BA2B490005C811,
				080E96DDFE201D6D7F000001,
				29B97315FDCFA39411CA2CEA,
				1C34E61406F9ECB100211ACC,
				29B97317FDCFA39411CA2CEA,
				29B97323FDCFA39411CA2CEA,
				19C28FACFE9D520D11CA2CBB,
				1601EFBC06CBBD2000BF60D4,
				1602BB2E0719702800805588,
				16DB0E89072E5CFA00380720,
				1601EFCF06CBBEC700BF60D4,
				1601F04606CBC0EF00BF60D4,
				1601F00C06CBBF9F00BF60D4,
			);
			isa = PBXGroup;
			name = R;
			path = "";
			refType = 4;
			sourceTree = "<group>";
		};
		29B97315FDCFA39411CA2CEA = {
			children = (
				32CA4F630368D1EE00C91783,
				6855194007B8FDDF00F3A57C,
				29B97316FDCFA39411CA2CEA,
			);
			isa = PBXGroup;
			name = "Other Sources";
			path = "";
			refType = 4;
			sourceTree = "<group>";
		};
		29B97316FDCFA39411CA2CEA = {
			fileEncoding = 30;
			isa = PBXFileReference;
			lastKnownFileType = sourcecode.c.objc;
			path = main.m;
			refType = 4;
			sourceTree = "<group>";
		};
		29B97317FDCFA39411CA2CEA = {
			children = (
				686967DA07981764002A1932,
				29B97318FDCFA39411CA2CEA,
				687B4E350794130800074042,
				163B0CF706CE58F000A380BE,
				1633F03D06E630B900225AA9,
				68AAC9E008F41CA10064CDA1,
				6853563B07B0285E00FDAAC3,
				162B6A0406CD770C00C0B085,
				8D1107310486CEB800E47090,
				089C165CFE840E0CC02AAC07,
				1611E321070B86850025F66D,
				163B0D0406CE597300A380BE,
				1611E323070B86990025F66D,
				1C34E61006F9EC7D00211ACC,
			);
			isa = PBXGroup;
			name = Resources;
			path = "";
			refType = 4;
			sourceTree = "<group>";
		};
		29B97318FDCFA39411CA2CEA = {
			children = (
				29B97319FDCFA39411CA2CEA,
				686967B9079813AD002A1932,
				68C30D3A07B80D510020A506,
				16151A5507CD2B2B0018B619,
				161034F107D2232400677899,
			);
			isa = PBXVariantGroup;
			name = MainMenu.nib;
			path = "";
			refType = 4;
			sourceTree = "<group>";
		};
		29B97319FDCFA39411CA2CEA = {
			isa = PBXFileReference;
			lastKnownFileType = wrapper.nib;
			name = English;
			path = English.lproj/MainMenu.nib;
			refType = 4;
			sourceTree = "<group>";
		};
		29B97323FDCFA39411CA2CEA = {
			children = (
				1058C7A0FEA54F0111CA2CBB,
				1058C7A2FEA54F0111CA2CBB,
			);
			isa = PBXGroup;
			name = Frameworks;
			path = "";
			refType = 4;
			sourceTree = "<group>";
		};
		29B97324FDCFA39411CA2CEA = {
			isa = PBXFileReference;
			lastKnownFileType = wrapper.framework;
			name = AppKit.framework;
			path = /System/Library/Frameworks/AppKit.framework;
			refType = 0;
			sourceTree = "<absolute>";
		};
		29B97325FDCFA39411CA2CEA = {
			isa = PBXFileReference;
			lastKnownFileType = wrapper.framework;
			name = Foundation.framework;
			path = /System/Library/Frameworks/Foundation.framework;
			refType = 0;
			sourceTree = "<absolute>";
		};
//290
//291
//292
//293
//294
//320
//321
//322
//323
//324
		32CA4F630368D1EE00C91783 = {
			fileEncoding = 4;
			isa = PBXFileReference;
			lastKnownFileType = sourcecode.c.h;
			path = R_Prefix.pch;
			refType = 4;
			sourceTree = "<group>";
		};
//320
//321
//322
//323
//324
//4A0
//4A1
//4A2
//4A3
//4A4
		4A9504CCFFE6A4B311CA0CBA = {
			buildSettings = {
				COPY_PHASE_STRIP = NO;
				DEBUGGING_SYMBOLS = YES;
				FRAMEWORK_SEARCH_PATHS = "";
				GCC_DYNAMIC_NO_PIC = NO;
				GCC_ENABLE_FIX_AND_CONTINUE = YES;
				GCC_ENABLE_OBJC_EXCEPTIONS = YES;
				GCC_GENERATE_DEBUGGING_SYMBOLS = YES;
				GCC_OPTIMIZATION_LEVEL = 0;
				OPTIMIZATION_CFLAGS = "-O0";
				OTHER_CFLAGS = "-DPLAIN_STDERR -DDEBUG_RGUI";
				ZERO_LINK = YES;
			};
			isa = PBXBuildStyle;
			name = Development;
		};
		4A9504CDFFE6A4B311CA0CBA = {
			buildSettings = {
				COPY_PHASE_STRIP = YES;
				GCC_ENABLE_FIX_AND_CONTINUE = NO;
				GCC_ENABLE_OBJC_EXCEPTIONS = YES;
				ZERO_LINK = NO;
			};
			isa = PBXBuildStyle;
			name = Deployment;
		};
//4A0
//4A1
//4A2
//4A3
//4A4
//680
//681
//682
//683
//684
		6807E643080EAE4100A03223 = {
			fileEncoding = 4;
			isa = PBXFileReference;
			lastKnownFileType = sourcecode.c.h;
			path = GlobalExHandler.h;
			refType = 4;
			sourceTree = "<group>";
		};
		6807E644080EAE4100A03223 = {
			fileEncoding = 4;
			isa = PBXFileReference;
			lastKnownFileType = sourcecode.c.objc;
			path = GlobalExHandler.m;
			refType = 4;
			sourceTree = "<group>";
		};
		6807E645080EAE4100A03223 = {
			fileRef = 6807E643080EAE4100A03223;
			isa = PBXBuildFile;
			settings = {
			};
		};
		6807E646080EAE4100A03223 = {
			fileRef = 6807E644080EAE4100A03223;
			isa = PBXBuildFile;
			settings = {
			};
		};
		6812EC9E07BA6A360000B6A8 = {
			isa = PBXFileReference;
			lastKnownFileType = wrapper.nib;
			name = de;
			path = de.lproj/EditorPrefPane.nib;
			refType = 4;
			sourceTree = "<group>";
		};
		681D40BE081D653B0019CB4C = {
			isa = PBXFileReference;
			lastKnownFileType = text.rtf;
			name = fr;
			path = fr.lproj/Credits.rtf;
			refType = 4;
			sourceTree = "<group>";
		};
		6828383307804CC2004617B7 = {
			buildSettings = {
				GCC_ENABLE_OBJC_EXCEPTIONS = YES;
				GCC_OPTIMIZATION_LEVEL = 0;
				OTHER_CFLAGS = "-DDEBUG_RGUI";
			};
			isa = PBXBuildStyle;
			name = Debug;
		};
		6828383807804DFC004617B7 = {
			isa = PBXFileReference;
			lastKnownFileType = wrapper.framework;
			name = ExceptionHandling.framework;
			path = /System/Library/Frameworks/ExceptionHandling.framework;
			refType = 0;
			sourceTree = "<absolute>";
		};
		6828383907804DFC004617B7 = {
			fileRef = 6828383807804DFC004617B7;
			isa = PBXBuildFile;
			settings = {
			};
		};
		684D008307BD72BE0047EEF6 = {
			fileEncoding = 4;
			isa = PBXFileReference;
			lastKnownFileType = sourcecode.c.h;
			path = SyntaxColorsPrefPane.h;
			refType = 4;
			sourceTree = "<group>";
		};
		684D008407BD72BE0047EEF6 = {
			fileEncoding = 4;
			isa = PBXFileReference;
			lastKnownFileType = sourcecode.c.objc;
			path = SyntaxColorsPrefPane.m;
			refType = 4;
			sourceTree = "<group>";
		};
		684D008507BD72BE0047EEF6 = {
			fileRef = 684D008307BD72BE0047EEF6;
			isa = PBXBuildFile;
			settings = {
			};
		};
		684D008607BD72BE0047EEF6 = {
			fileRef = 684D008407BD72BE0047EEF6;
			isa = PBXBuildFile;
			settings = {
			};
		};
		684D008707BD72F10047EEF6 = {
			children = (
				684D008807BD72F10047EEF6,
				684D008A07BD73090047EEF6,
				684D008B07BD731D0047EEF6,
				16151A5607CD2B3B0018B619,
				161034F207D2232400677899,
			);
			isa = PBXVariantGroup;
			name = SyntaxColorsPrefPane.nib;
			path = "";
			refType = 4;
			sourceTree = "<group>";
		};
		684D008807BD72F10047EEF6 = {
			isa = PBXFileReference;
			lastKnownFileType = wrapper.nib;
			name = English;
			path = English.lproj/SyntaxColorsPrefPane.nib;
			refType = 4;
			sourceTree = "<group>";
		};
		684D008907BD72F10047EEF6 = {
			fileRef = 684D008707BD72F10047EEF6;
			isa = PBXBuildFile;
			settings = {
			};
		};
		684D008A07BD73090047EEF6 = {
			isa = PBXFileReference;
			lastKnownFileType = wrapper.nib;
			name = de;
			path = de.lproj/SyntaxColorsPrefPane.nib;
			refType = 4;
			sourceTree = "<group>";
		};
		684D008B07BD731D0047EEF6 = {
			isa = PBXFileReference;
			lastKnownFileType = wrapper.nib;
			name = it;
			path = it.lproj/SyntaxColorsPrefPane.nib;
			refType = 4;
			sourceTree = "<group>";
		};
		685355FF07B0052E00FDAAC3 = {
			isa = PBXFileReference;
			lastKnownFileType = wrapper.nib;
			name = de;
			path = de.lproj/MiscPrefPane.nib;
			refType = 4;
			sourceTree = "<group>";
		};
		6853563B07B0285E00FDAAC3 = {
			children = (
				684D008707BD72F10047EEF6,
				16A2604A072AB7D80047E009,
				D41DED53073B3F8000B900F2,
				16A25FAC072AAFDF0047E009,
				16A25FA5072AAFD40047E009,
			);
			isa = PBXGroup;
			name = PrefPanes;
			refType = 4;
			sourceTree = "<group>";
		};
		6855194007B8FDDF00F3A57C = {
			fileEncoding = 4;
			isa = PBXFileReference;
			lastKnownFileType = sourcecode.c.h;
			path = RGUI.h;
			refType = 4;
			sourceTree = "<group>";
		};
		6855194107B8FDDF00F3A57C = {
			fileRef = 6855194007B8FDDF00F3A57C;
			isa = PBXBuildFile;
			settings = {
			};
		};
		686967B9079813AD002A1932 = {
			isa = PBXFileReference;
			lastKnownFileType = wrapper.nib;
			name = de;
			path = de.lproj/MainMenu.nib;
			refType = 4;
			sourceTree = "<group>";
		};
		686967BF079814E0002A1932 = {
			isa = PBXFileReference;
			lastKnownFileType = text.rtf;
			name = de;
			path = de.lproj/Credits.rtf;
			refType = 4;
			sourceTree = "<group>";
		};
		686967D807981746002A1932 = {
			fileEncoding = 4;
			isa = PBXFileReference;
			lastKnownFileType = text.plist.strings;
			name = English;
			path = English.lproj/Localizable.strings;
			refType = 4;
			sourceTree = "<group>";
		};
		686967DA07981764002A1932 = {
			children = (
				686967D807981746002A1932,
				686967E7079818C1002A1932,
				16B66A3107B6E1F10053EDB2,
				161034F007D2232400677899,
			);
			isa = PBXVariantGroup;
			name = Localizable.strings;
			refType = 4;
			sourceTree = "<group>";
		};
		686967DB07981764002A1932 = {
			fileRef = 686967DA07981764002A1932;
			isa = PBXBuildFile;
			settings = {
			};
		};
		686967E7079818C1002A1932 = {
			fileEncoding = 4;
			isa = PBXFileReference;
			lastKnownFileType = text.plist.strings;
			name = de;
			path = de.lproj/Localizable.strings;
			refType = 4;
			sourceTree = "<group>";
		};
		68756ED807FDDAEF0014821A = {
			fileEncoding = 4;
			isa = PBXFileReference;
			lastKnownFileType = sourcecode.c.h;
			path = REditorToolbar.h;
			refType = 4;
			sourceTree = "<group>";
		};
		68756ED907FDDAEF0014821A = {
			fileEncoding = 4;
			isa = PBXFileReference;
			lastKnownFileType = sourcecode.c.objc;
			path = REditorToolbar.m;
			refType = 4;
			sourceTree = "<group>";
		};
		68756EDA07FDDAEF0014821A = {
			fileRef = 68756ED807FDDAEF0014821A;
			isa = PBXBuildFile;
			settings = {
			};
		};
		68756EDB07FDDAEF0014821A = {
			fileRef = 68756ED907FDDAEF0014821A;
			isa = PBXBuildFile;
			settings = {
			};
		};
		687B4DC207940DAA00074042 = {
			fileEncoding = 4;
			isa = PBXFileReference;
			lastKnownFileType = sourcecode.c.h;
			path = RConsole.h;
			refType = 4;
			sourceTree = "<group>";
		};
		687B4DC307940DAA00074042 = {
			fileEncoding = 4;
			isa = PBXFileReference;
			lastKnownFileType = sourcecode.c.objc;
			path = RConsole.m;
			refType = 4;
			sourceTree = "<group>";
		};
		687B4DC407940DAA00074042 = {
			fileRef = 687B4DC207940DAA00074042;
			isa = PBXBuildFile;
			settings = {
			};
		};
		687B4DC507940DAA00074042 = {
			fileRef = 687B4DC307940DAA00074042;
			isa = PBXBuildFile;
			settings = {
			};
		};
		687B4DF70794110900074042 = {
			fileEncoding = 4;
			isa = PBXFileReference;
			lastKnownFileType = sourcecode.c.h;
			path = RConsoleController.h;
			refType = 4;
			sourceTree = "<group>";
		};
		687B4DF80794110900074042 = {
			fileEncoding = 4;
			isa = PBXFileReference;
			lastKnownFileType = sourcecode.c.objc;
			path = RConsoleController.m;
			refType = 4;
			sourceTree = "<group>";
		};
		687B4DF90794110900074042 = {
			fileRef = 687B4DF70794110900074042;
			isa = PBXBuildFile;
			settings = {
			};
		};
		687B4DFA0794110900074042 = {
			fileRef = 687B4DF80794110900074042;
			isa = PBXBuildFile;
			settings = {
			};
		};
		687B4E350794130800074042 = {
			children = (
				687B4E360794130800074042,
				1638AFAD07D2247500BEE02D,
			);
			isa = PBXVariantGroup;
			name = RConsole.nib;
			path = "";
			refType = 4;
			sourceTree = "<group>";
		};
		687B4E360794130800074042 = {
			isa = PBXFileReference;
			lastKnownFileType = wrapper.nib;
			name = English;
			path = English.lproj/RConsole.nib;
			refType = 4;
			sourceTree = "<group>";
		};
		687B4E370794130800074042 = {
			fileRef = 687B4E350794130800074042;
			isa = PBXBuildFile;
			settings = {
			};
		};
		687B4E400794165600074042 = {
			children = (
				D490C1EA07B400870034B42F,
				D490C1EB07B400870034B42F,
				687B4F9507944B8000074042,
				687B4F9607944B8000074042,
				163B0CA306CE528400A380BE,
				163B0CA406CE528400A380BE,
				687B4F0507942C1500074042,
				687B4F0607942C1500074042,
				68756ED807FDDAEF0014821A,
				68756ED907FDDAEF0014821A,
			);
			isa = PBXGroup;
			name = Editor;
			refType = 4;
			sourceTree = "<group>";
		};
		687B4E430794167000074042 = {
			children = (
				687B4DC207940DAA00074042,
				687B4DC307940DAA00074042,
				687B4DF70794110900074042,
				687B4DF80794110900074042,
				687B503907945D4C00074042,
				687B503A07945D4C00074042,
			);
			isa = PBXGroup;
			name = Console;
			refType = 4;
			sourceTree = "<group>";
		};
		687B4F0507942C1500074042 = {
			fileEncoding = 4;
			isa = PBXFileReference;
			lastKnownFileType = sourcecode.c.h;
			path = RDocumentWinCtrl.h;
			refType = 4;
			sourceTree = "<group>";
		};
		687B4F0607942C1500074042 = {
			fileEncoding = 4;
			isa = PBXFileReference;
			lastKnownFileType = sourcecode.c.objc;
			path = RDocumentWinCtrl.m;
			refType = 4;
			sourceTree = "<group>";
		};
		687B4F0707942C1500074042 = {
			fileRef = 687B4F0507942C1500074042;
			isa = PBXBuildFile;
			settings = {
			};
		};
		687B4F0807942C1500074042 = {
			fileRef = 687B4F0607942C1500074042;
			isa = PBXBuildFile;
			settings = {
			};
		};
		687B4F9507944B8000074042 = {
			fileEncoding = 4;
			isa = PBXFileReference;
			lastKnownFileType = sourcecode.c.h;
			path = REditorTextStorage.h;
			refType = 4;
			sourceTree = "<group>";
		};
		687B4F9607944B8000074042 = {
			fileEncoding = 4;
			isa = PBXFileReference;
			lastKnownFileType = sourcecode.c.objc;
			path = REditorTextStorage.m;
			refType = 4;
			sourceTree = "<group>";
		};
		687B4F9707944B8000074042 = {
			fileRef = 687B4F9507944B8000074042;
			isa = PBXBuildFile;
			settings = {
			};
		};
		687B4F9807944B8000074042 = {
			fileRef = 687B4F9607944B8000074042;
			isa = PBXBuildFile;
			settings = {
			};
		};
		687B503907945D4C00074042 = {
			fileEncoding = 4;
			isa = PBXFileReference;
			lastKnownFileType = sourcecode.c.h;
			path = RConsoleTextStorage.h;
			refType = 4;
			sourceTree = "<group>";
		};
		687B503A07945D4C00074042 = {
			fileEncoding = 4;
			isa = PBXFileReference;
			lastKnownFileType = sourcecode.c.objc;
			path = RConsoleTextStorage.m;
			refType = 4;
			sourceTree = "<group>";
		};
		687B503B07945D4C00074042 = {
			fileRef = 687B503907945D4C00074042;
			isa = PBXBuildFile;
			settings = {
			};
		};
		687B503C07945D4C00074042 = {
			fileRef = 687B503A07945D4C00074042;
			isa = PBXBuildFile;
			settings = {
			};
		};
		6880973207AFFB2000F90DB0 = {
			isa = PBXFileReference;
			lastKnownFileType = wrapper.nib;
			name = de;
			path = de.lproj/ColorsPrefPane.nib;
			refType = 4;
			sourceTree = "<group>";
		};
		689B3D3A07F4B01D006F6F37 = {
			containerPortal = 29B97313FDCFA39411CA2CEA;
			isa = PBXContainerItemProxy;
			proxyType = 1;
			remoteGlobalIDString = 1C54CDAE0719742A00176826;
			remoteInfo = Docs;
		};
		689B3D3B07F4B01D006F6F37 = {
			isa = PBXTargetDependency;
			target = 1C54CDAE0719742A00176826;
			targetProxy = 689B3D3A07F4B01D006F6F37;
		};
		68AAC9E008F41CA10064CDA1 = {
			children = (
				68AAC9E108F41CA10064CDA1,
			);
			isa = PBXVariantGroup;
			name = Vignettes.nib;
			path = "";
			refType = 2;
			sourceTree = SOURCE_ROOT;
		};
		68AAC9E108F41CA10064CDA1 = {
			isa = PBXFileReference;
			lastKnownFileType = wrapper.nib;
			name = English;
			path = English.lproj/Vignettes.nib;
			refType = 4;
			sourceTree = "<group>";
		};
		68AAC9E208F41CA10064CDA1 = {
			fileRef = 68AAC9E008F41CA10064CDA1;
			isa = PBXBuildFile;
			settings = {
			};
		};
		68AAC9E308F41CBB0064CDA1 = {
			fileEncoding = 4;
			isa = PBXFileReference;
			lastKnownFileType = sourcecode.c.h;
			path = DraggableScrollView.h;
			refType = 4;
			sourceTree = "<group>";
		};
		68AAC9E408F41CBB0064CDA1 = {
			fileEncoding = 4;
			isa = PBXFileReference;
			lastKnownFileType = sourcecode.c.objc;
			path = DraggableScrollView.m;
			refType = 4;
			sourceTree = "<group>";
		};
		68AAC9E508F41CBB0064CDA1 = {
			fileEncoding = 4;
			isa = PBXFileReference;
			lastKnownFileType = sourcecode.c.h;
			path = PDFImageView.h;
			refType = 4;
			sourceTree = "<group>";
		};
		68AAC9E608F41CBB0064CDA1 = {
			fileEncoding = 4;
			isa = PBXFileReference;
			lastKnownFileType = sourcecode.c.objc;
			path = PDFImageView.m;
			refType = 4;
			sourceTree = "<group>";
		};
		68AAC9E708F41CBB0064CDA1 = {
			fileRef = 68AAC9E308F41CBB0064CDA1;
			isa = PBXBuildFile;
			settings = {
			};
		};
		68AAC9E808F41CBB0064CDA1 = {
			fileRef = 68AAC9E408F41CBB0064CDA1;
			isa = PBXBuildFile;
			settings = {
			};
		};
		68AAC9E908F41CBB0064CDA1 = {
			fileRef = 68AAC9E508F41CBB0064CDA1;
			isa = PBXBuildFile;
			settings = {
			};
		};
		68AAC9EA08F41CBB0064CDA1 = {
			fileRef = 68AAC9E608F41CBB0064CDA1;
			isa = PBXBuildFile;
			settings = {
			};
		};
		68AAC9EB08F41CD80064CDA1 = {
			fileEncoding = 4;
			isa = PBXFileReference;
			lastKnownFileType = sourcecode.c.h;
			path = VignettesController.h;
			refType = 4;
			sourceTree = "<group>";
		};
		68AAC9EC08F41CD80064CDA1 = {
			fileEncoding = 4;
			isa = PBXFileReference;
			lastKnownFileType = sourcecode.c.objc;
			path = VignettesController.m;
			refType = 4;
			sourceTree = "<group>";
		};
		68AAC9ED08F41CD80064CDA1 = {
			fileRef = 68AAC9EB08F41CD80064CDA1;
			isa = PBXBuildFile;
			settings = {
			};
		};
		68AAC9EE08F41CD80064CDA1 = {
			fileRef = 68AAC9EC08F41CD80064CDA1;
			isa = PBXBuildFile;
			settings = {
			};
		};
		68C0CFD307BBDAF000EA34B7 = {
			isa = PBXFileReference;
			lastKnownFileType = wrapper.nib;
			name = de;
			path = de.lproj/QuartzPrefPane.nib;
			refType = 4;
			sourceTree = "<group>";
		};
		68C0CFD407BBDAF300EA34B7 = {
			isa = PBXFileReference;
			lastKnownFileType = wrapper.nib;
			name = it;
			path = it.lproj/QuartzPrefPane.nib;
			refType = 4;
			sourceTree = "<group>";
		};
		68C30D3A07B80D510020A506 = {
			isa = PBXFileReference;
			lastKnownFileType = wrapper.nib;
			name = it;
			path = it.lproj/MainMenu.nib;
			refType = 4;
			sourceTree = "<group>";
		};
		68C30D3D07B80D6C0020A506 = {
			isa = PBXFileReference;
			lastKnownFileType = wrapper.nib;
			name = it;
			path = it.lproj/ColorsPrefPane.nib;
			refType = 4;
			sourceTree = "<group>";
		};
		68C30D4007B80D7B0020A506 = {
			isa = PBXFileReference;
			lastKnownFileType = wrapper.nib;
			name = it;
			path = it.lproj/MiscPrefPane.nib;
			refType = 4;
			sourceTree = "<group>";
		};
		68DEAEE6083271CA00C5D76C = {
			fileEncoding = 4;
			isa = PBXFileReference;
			lastKnownFileType = sourcecode.c.h;
			path = RTextView.h;
			refType = 4;
			sourceTree = "<group>";
		};
		68DEAEE7083271CA00C5D76C = {
			fileEncoding = 4;
			isa = PBXFileReference;
			lastKnownFileType = sourcecode.c.objc;
			path = RTextView.m;
			refType = 4;
			sourceTree = "<group>";
		};
		68DEAEE8083271CA00C5D76C = {
			fileRef = 68DEAEE6083271CA00C5D76C;
			isa = PBXBuildFile;
			settings = {
			};
		};
		68DEAEE9083271CA00C5D76C = {
			fileRef = 68DEAEE7083271CA00C5D76C;
			isa = PBXBuildFile;
			settings = {
			};
		};
		68E2B9F00796C9D200E31F29 = {
			fileEncoding = 4;
			isa = PBXFileReference;
			lastKnownFileType = sourcecode.c.h;
			path = devQuartz.h;
			refType = 4;
			sourceTree = "<group>";
		};
		68E2B9F10796C9D200E31F29 = {
			fileEncoding = 4;
			isa = PBXFileReference;
			lastKnownFileType = sourcecode.c.c;
			path = devQuartz.c;
			refType = 4;
			sourceTree = "<group>";
		};
		68E2B9F20796C9D200E31F29 = {
			fileRef = 68E2B9F00796C9D200E31F29;
			isa = PBXBuildFile;
			settings = {
			};
		};
		68E2B9F30796C9D200E31F29 = {
			fileRef = 68E2B9F10796C9D200E31F29;
			isa = PBXBuildFile;
			settings = {
			};
		};
//680
//681
//682
//683
//684
//8D0
//8D1
//8D2
//8D3
//8D4
		8D1107260486CEB800E47090 = {
			buildPhases = (
				8D1107270486CEB800E47090,
				8D1107290486CEB800E47090,
				8D11072C0486CEB800E47090,
				8D11072E0486CEB800E47090,
			);
			buildRules = (
			);
			buildSettings = {
				FRAMEWORK_SEARCH_PATHS = "";
				GCC_ENABLE_TRIGRAPHS = NO;
				GCC_GENERATE_DEBUGGING_SYMBOLS = NO;
				GCC_PRECOMPILE_PREFIX_HEADER = YES;
				GCC_PREFIX_HEADER = R_Prefix.pch;
				GCC_WARN_ABOUT_MISSING_PROTOTYPES = NO;
				GCC_WARN_FOUR_CHARACTER_CONSTANTS = NO;
				GCC_WARN_UNKNOWN_PRAGMAS = NO;
				HEADER_SEARCH_PATHS = "/Library/Frameworks/R.framework/Headers /Library/Frameworks/R.framework/PrivateHeaders";
				INFOPLIST_FILE = Info.plist;
				INSTALL_PATH = "$(HOME)/Applications";
				LIBRARY_SEARCH_PATHS = "";
				OTHER_CFLAGS = "";
				OTHER_LDFLAGS = "-framework R";
				PRODUCT_NAME = R;
				SECTORDER_FLAGS = "";
				WARNING_CFLAGS = "-Wmost -Wno-four-char-constants -Wno-unknown-pragmas";
				WRAPPER_EXTENSION = app;
			};
			dependencies = (
				1CF110900719797100121801,
				689B3D3B07F4B01D006F6F37,
			);
			isa = PBXNativeTarget;
			name = R;
			productInstallPath = "$(HOME)/Applications";
			productName = R;
			productReference = 8D1107320486CEB800E47090;
			productType = "com.apple.product-type.application";
		};
		8D1107270486CEB800E47090 = {
			buildActionMask = 2147483647;
			files = (
				8D1107280486CEB800E47090,
				16D3041806B54EE3009CB94A,
				1636285906BA2B490005C811,
				1636285B06BA2B490005C811,
				1636285E06BA2B490005C811,
				1636285F06BA2B490005C811,
				16ABE72A06C7512D00815F91,
				16ABE75906C752C600815F91,
				16ABE78106C7538500815F91,
				163B0CA506CE528400A380BE,
				167BDD5F06D4C0F5005381BB,
				169970A306DCD17300FFACB0,
				1673550E06DE155F00A75774,
				1633F02506E62F7800225AA9,
				1633F0E506E63DEB00225AA9,
				16CAC3E706E67FBA0049192B,
				163B2CBC06ED1A990035FFD5,
				165C0F4A06EF05E000994593,
				16E4F1FC06F1191B009DB2A8,
				16572B2906F3A98600C69946,
				F8CE7272071539E600CE40EC,
				16A25F5C072AACF40047E009,
				16A25F5E072AACF40047E009,
				16A25F71072AAD120047E009,
				16A25F73072AAD120047E009,
				16A25F75072AAD120047E009,
				16A25F77072AAD120047E009,
				16A25F79072AAD120047E009,
				16A25F7C072AAD120047E009,
				16A26033072AB6660047E009,
				1C0BD6BF07345B4300D43C33,
				1CC7C86707396890005CF3AA,
				D41DED4C073B3EE400B900F2,
				D41DED59073B3FF700B900F2,
				1CDD05480763E46900B8FCA6,
				1CDD06120763FD2000B8FCA6,
				687B4DC407940DAA00074042,
				687B4DF90794110900074042,
				687B4F0707942C1500074042,
				687B4F9707944B8000074042,
				687B503B07945D4C00074042,
				68E2B9F20796C9D200E31F29,
				D490C1EC07B400870034B42F,
				6855194107B8FDDF00F3A57C,
				684D008507BD72BE0047EEF6,
				168776EB07D7C62B0064425C,
				68756EDA07FDDAEF0014821A,
				6807E645080EAE4100A03223,
				68DEAEE8083271CA00C5D76C,
				68AAC9E708F41CBB0064CDA1,
				68AAC9E908F41CBB0064CDA1,
				68AAC9ED08F41CD80064CDA1,
			);
			isa = PBXHeadersBuildPhase;
			runOnlyForDeploymentPostprocessing = 0;
		};
		8D1107280486CEB800E47090 = {
			fileRef = 32CA4F630368D1EE00C91783;
			isa = PBXBuildFile;
			settings = {
			};
		};
		8D1107290486CEB800E47090 = {
			buildActionMask = 2147483647;
			files = (
				1C34E62406F9EE2000211ACC,
				8D11072A0486CEB800E47090,
				8D11072B0486CEB800E47090,
				16D3042806B55072009CB94A,
				16D3044406B556BD009CB94A,
				1601EFBD06CBBD2000BF60D4,
				1601EFD006CBBEC700BF60D4,
				1601F00D06CBBF9F00BF60D4,
				1601F04706CBC0EF00BF60D4,
				162B6A1A06CD773800C0B085,
				163B0CF906CE58F000A380BE,
				163B0D0606CE597300A380BE,
				167EA45A06D0F07F0039E305,
				167EA46C06D0F36E0039E305,
				167EA48606D0FD1F0039E305,
				167EA49106D100310039E305,
				169B45B106DFED7E006915E6,
				1633F03F06E630B900225AA9,
				1C94C8C106F9AC8900F4D9C0,
				1C94C8F306F9B56E00F4D9C0,
				1C34E5CA06F9C76700211ACC,
				1685985E06FF7ADA0000896D,
				1685985F06FF7ADA0000896D,
				1685986806FF7AE90000896D,
				1685986906FF7AE90000896D,
				16E8506F0708CF2E00BB0282,
				16E850850708CFF900BB0282,
				16E850980708D5BC00BB0282,
				1611E322070B86850025F66D,
				1611E324070B86990025F66D,
				1651D9650715EA5D00FB6962,
				1602BB300719702800805588,
				1602BB310719702800805588,
				F8E27FF3071F021700BA437C,
				F8E28001071F030200BA437C,
				F8E2800B071F048500BA437C,
				F8E28030071F07FE00BA437C,
				163C8F3E072937E800117DC8,
				16A25F7A072AAD120047E009,
				16A25F7B072AAD120047E009,
				16A25FA7072AAFD40047E009,
				16A25FAE072AAFDF0047E009,
				16A25FE1072AB2800047E009,
				16A25FE8072AB28C0047E009,
				16A25FEF072AB2940047E009,
				16A2602B072AB6360047E009,
				16A2604C072AB7D80047E009,
				16DB0E8A072E5CFA00380720,
				D41DED55073B3F8000B900F2,
				687B4E370794130800074042,
				686967DB07981764002A1932,
				684D008907BD72F10047EEF6,
				1C5306EE081F54F600ECECD2,
				68AAC9E208F41CA10064CDA1,
			);
			isa = PBXResourcesBuildPhase;
			runOnlyForDeploymentPostprocessing = 0;
		};
		8D11072A0486CEB800E47090 = {
			fileRef = 29B97318FDCFA39411CA2CEA;
			isa = PBXBuildFile;
			settings = {
			};
		};
		8D11072B0486CEB800E47090 = {
			fileRef = 089C165CFE840E0CC02AAC07;
			isa = PBXBuildFile;
			settings = {
			};
		};
		8D11072C0486CEB800E47090 = {
			buildActionMask = 2147483647;
			files = (
				8D11072D0486CEB800E47090,
				16D3041906B54EE3009CB94A,
				1636285A06BA2B490005C811,
				1636285C06BA2B490005C811,
				1636286006BA2B490005C811,
				16ABE72B06C7512D00815F91,
				16ABE75A06C752C600815F91,
				16ABE78206C7538500815F91,
				163B0CA606CE528400A380BE,
				167BDD6006D4C0F5005381BB,
				169970A406DCD17300FFACB0,
				1673550F06DE155F00A75774,
				16EE32EF06E48A4300D6A457,
				1633F01F06E62F7000225AA9,
				1633F0E606E63DEB00225AA9,
				16CAC3E806E67FBA0049192B,
				163B2CBD06ED1A990035FFD5,
				165C0F4906EF05E000994593,
				16E4F1FD06F1191B009DB2A8,
				16572B2A06F3A98600C69946,
				F8CE7271071539E600CE40EC,
				16A25F5D072AACF40047E009,
				16A25F5F072AACF40047E009,
				16A25F72072AAD120047E009,
				16A25F74072AAD120047E009,
				16A25F76072AAD120047E009,
				16A25F78072AAD120047E009,
				16A25F7D072AAD120047E009,
				16A26034072AB6660047E009,
				1C0BD6C007345B4300D43C33,
				1CC7C86807396890005CF3AA,
				D41DED4D073B3EE400B900F2,
				D41DED5A073B3FF700B900F2,
				1CDD05490763E46900B8FCA6,
				687B4DC507940DAA00074042,
				687B4DFA0794110900074042,
				687B4F0807942C1500074042,
				687B4F9807944B8000074042,
				687B503C07945D4C00074042,
				68E2B9F30796C9D200E31F29,
				D490C1ED07B400870034B42F,
				684D008607BD72BE0047EEF6,
				168776EC07D7C62B0064425C,
				68756EDB07FDDAEF0014821A,
				6807E646080EAE4100A03223,
				68DEAEE9083271CA00C5D76C,
				68AAC9E808F41CBB0064CDA1,
				68AAC9EA08F41CBB0064CDA1,
				68AAC9EE08F41CD80064CDA1,
			);
			isa = PBXSourcesBuildPhase;
			runOnlyForDeploymentPostprocessing = 0;
		};
		8D11072D0486CEB800E47090 = {
			fileRef = 29B97316FDCFA39411CA2CEA;
			isa = PBXBuildFile;
			settings = {
				ATTRIBUTES = (
				);
			};
		};
		8D11072E0486CEB800E47090 = {
			buildActionMask = 2147483647;
			files = (
				8D11072F0486CEB800E47090,
				1674D23506BA2E37008AC794,
				167BE02106D5143A005381BB,
				162D387C06F71A3000C0936C,
				6828383907804DFC004617B7,
			);
			isa = PBXFrameworksBuildPhase;
			runOnlyForDeploymentPostprocessing = 0;
		};
		8D11072F0486CEB800E47090 = {
			fileRef = 1058C7A1FEA54F0111CA2CBB;
			isa = PBXBuildFile;
			settings = {
			};
		};
		8D1107310486CEB800E47090 = {
			fileEncoding = 4;
			isa = PBXFileReference;
			lastKnownFileType = text.plist;
			path = Info.plist;
			refType = 4;
			sourceTree = "<group>";
		};
		8D1107320486CEB800E47090 = {
			explicitFileType = wrapper.application;
			includeInIndex = 0;
			isa = PBXFileReference;
			path = R.app;
			refType = 3;
			sourceTree = BUILT_PRODUCTS_DIR;
		};
//8D0
//8D1
//8D2
//8D3
//8D4
//D40
//D41
//D42
//D43
//D44
		D41DED4A073B3EE400B900F2 = {
			fileEncoding = 4;
			isa = PBXFileReference;
			lastKnownFileType = sourcecode.c.h;
			path = EditorPrefPane.h;
			refType = 4;
			sourceTree = "<group>";
		};
		D41DED4B073B3EE400B900F2 = {
			fileEncoding = 4;
			isa = PBXFileReference;
			lastKnownFileType = sourcecode.c.objc;
			path = EditorPrefPane.m;
			refType = 4;
			sourceTree = "<group>";
		};
		D41DED4C073B3EE400B900F2 = {
			fileRef = D41DED4A073B3EE400B900F2;
			isa = PBXBuildFile;
			settings = {
			};
		};
		D41DED4D073B3EE400B900F2 = {
			fileRef = D41DED4B073B3EE400B900F2;
			isa = PBXBuildFile;
			settings = {
			};
		};
		D41DED53073B3F8000B900F2 = {
			children = (
				D41DED54073B3F8000B900F2,
				6812EC9E07BA6A360000B6A8,
				1659C15A07BBA5040076DC4F,
				16151A5807CD2B500018B619,
				161034F407D2232400677899,
			);
			isa = PBXVariantGroup;
			name = EditorPrefPane.nib;
			path = "";
			refType = 4;
			sourceTree = "<group>";
		};
		D41DED54073B3F8000B900F2 = {
			isa = PBXFileReference;
			lastKnownFileType = wrapper.nib;
			name = English;
			path = English.lproj/EditorPrefPane.nib;
			refType = 4;
			sourceTree = "<group>";
		};
		D41DED55073B3F8000B900F2 = {
			fileRef = D41DED53073B3F8000B900F2;
			isa = PBXBuildFile;
			settings = {
			};
		};
		D41DED57073B3FF700B900F2 = {
			fileEncoding = 30;
			isa = PBXFileReference;
			lastKnownFileType = sourcecode.c.h;
			path = RDocumentController.h;
			refType = 4;
			sourceTree = "<group>";
		};
		D41DED58073B3FF700B900F2 = {
			fileEncoding = 30;
			isa = PBXFileReference;
			lastKnownFileType = sourcecode.c.objc;
			path = RDocumentController.m;
			refType = 4;
			sourceTree = "<group>";
		};
		D41DED59073B3FF700B900F2 = {
			fileRef = D41DED57073B3FF700B900F2;
			isa = PBXBuildFile;
			settings = {
			};
		};
		D41DED5A073B3FF700B900F2 = {
			fileRef = D41DED58073B3FF700B900F2;
			isa = PBXBuildFile;
			settings = {
			};
		};
		D490C1EA07B400870034B42F = {
			fileEncoding = 4;
			isa = PBXFileReference;
			lastKnownFileType = sourcecode.c.h;
			path = RRulerView.h;
			refType = 4;
			sourceTree = "<group>";
		};
		D490C1EB07B400870034B42F = {
			fileEncoding = 4;
			isa = PBXFileReference;
			lastKnownFileType = sourcecode.c.objc;
			path = RRulerView.m;
			refType = 4;
			sourceTree = "<group>";
		};
		D490C1EC07B400870034B42F = {
			fileRef = D490C1EA07B400870034B42F;
			isa = PBXBuildFile;
			settings = {
			};
		};
		D490C1ED07B400870034B42F = {
			fileRef = D490C1EB07B400870034B42F;
			isa = PBXBuildFile;
			settings = {
			};
		};
//D40
//D41
//D42
//D43
//D44
//F80
//F81
//F82
//F83
//F84
		F8CE726F071539E600CE40EC = {
			fileEncoding = 30;
			isa = PBXFileReference;
			lastKnownFileType = sourcecode.c.objc;
			path = Preferences.m;
			refType = 4;
			sourceTree = "<group>";
		};
		F8CE7270071539E600CE40EC = {
			fileEncoding = 30;
			isa = PBXFileReference;
			lastKnownFileType = sourcecode.c.h;
			path = Preferences.h;
			refType = 4;
			sourceTree = "<group>";
		};
		F8CE7271071539E600CE40EC = {
			fileRef = F8CE726F071539E600CE40EC;
			isa = PBXBuildFile;
			settings = {
			};
		};
		F8CE7272071539E600CE40EC = {
			fileRef = F8CE7270071539E600CE40EC;
			isa = PBXBuildFile;
			settings = {
			};
		};
		F8E27FF2071F021700BA437C = {
			isa = PBXFileReference;
			lastKnownFileType = image.tiff;
			name = emptyDoc.tiff;
			path = images/emptyDoc.tiff;
			refType = 4;
			sourceTree = "<group>";
		};
		F8E27FF3071F021700BA437C = {
			fileRef = F8E27FF2071F021700BA437C;
			isa = PBXBuildFile;
			settings = {
			};
		};
		F8E28000071F030200BA437C = {
			isa = PBXFileReference;
			lastKnownFileType = image.tiff;
			name = RDoc.tiff;
			path = images/RDoc.tiff;
			refType = 4;
			sourceTree = "<group>";
		};
		F8E28001071F030200BA437C = {
			fileRef = F8E28000071F030200BA437C;
			isa = PBXBuildFile;
			settings = {
			};
		};
		F8E2800A071F048500BA437C = {
			isa = PBXFileReference;
			lastKnownFileType = image.tiff;
			name = sourceR.tiff;
			path = images/sourceR.tiff;
			refType = 4;
			sourceTree = "<group>";
		};
		F8E2800B071F048500BA437C = {
			fileRef = F8E2800A071F048500BA437C;
			isa = PBXBuildFile;
			settings = {
			};
		};
		F8E2802F071F07FE00BA437C = {
			isa = PBXFileReference;
			lastKnownFileType = image.tiff;
			name = quartz.tiff;
			path = images/quartz.tiff;
			refType = 4;
			sourceTree = "<group>";
		};
		F8E28030071F07FE00BA437C = {
			fileRef = F8E2802F071F07FE00BA437C;
			isa = PBXBuildFile;
			settings = {
			};
		};
	};
	rootObject = 29B97313FDCFA39411CA2CEA;
}
